// !$*UTF8*$!
{
	archiveVersion = 1;
	classes = {
	};
	objectVersion = 55;
	objects = {

/* Begin PBXBuildFile section */
		4D53A66A28DAF9C0000E2AA2 /* SnapKit in Frameworks */ = {isa = PBXBuildFile; productRef = 4D53A66928DAF9C0000E2AA2 /* SnapKit */; };
		4D53A66D28DAF9C8000E2AA2 /* Then in Frameworks */ = {isa = PBXBuildFile; productRef = 4D53A66C28DAF9C8000E2AA2 /* Then */; };
		4DBDEC1428D4EFE2002252B3 /* AppDelegate.swift in Sources */ = {isa = PBXBuildFile; fileRef = 4DBDEC1328D4EFE2002252B3 /* AppDelegate.swift */; };
		4DBDEC1628D4EFE2002252B3 /* SceneDelegate.swift in Sources */ = {isa = PBXBuildFile; fileRef = 4DBDEC1528D4EFE2002252B3 /* SceneDelegate.swift */; };
		4DBDEC1828D4EFE2002252B3 /* ViewController.swift in Sources */ = {isa = PBXBuildFile; fileRef = 4DBDEC1728D4EFE2002252B3 /* ViewController.swift */; };
		4DBDEC1B28D4EFE2002252B3 /* Main.storyboard in Resources */ = {isa = PBXBuildFile; fileRef = 4DBDEC1928D4EFE2002252B3 /* Main.storyboard */; };
		4DBDEC1D28D4EFE3002252B3 /* Assets.xcassets in Resources */ = {isa = PBXBuildFile; fileRef = 4DBDEC1C28D4EFE3002252B3 /* Assets.xcassets */; };
		4DBDEC2028D4EFE3002252B3 /* LaunchScreen.storyboard in Resources */ = {isa = PBXBuildFile; fileRef = 4DBDEC1E28D4EFE3002252B3 /* LaunchScreen.storyboard */; };
		4DBDEC2C28D4F169002252B3 /* BaseVC.swift in Sources */ = {isa = PBXBuildFile; fileRef = 4DBDEC2B28D4F169002252B3 /* BaseVC.swift */; };
		4DBDEC2F28D4F2B3002252B3 /* UIViewController+.swift in Sources */ = {isa = PBXBuildFile; fileRef = 4DBDEC2E28D4F2B3002252B3 /* UIViewController+.swift */; };
		4DBDEC3228D4F308002252B3 /* Colorsets.xcassets in Resources */ = {isa = PBXBuildFile; fileRef = 4DBDEC3128D4F308002252B3 /* Colorsets.xcassets */; };
		F8823AA128DFE99200798374 /* SignUpVC.swift in Sources */ = {isa = PBXBuildFile; fileRef = F8823AA028DFE99200798374 /* SignUpVC.swift */; };
		F8823AA328E022CC00798374 /* UITextField+.swift in Sources */ = {isa = PBXBuildFile; fileRef = F8823AA228E022CC00798374 /* UITextField+.swift */; };
		F8DB7A5A28DB1D3100EE3D66 /* SignInVC.swift in Sources */ = {isa = PBXBuildFile; fileRef = F8DB7A5928DB1D3100EE3D66 /* SignInVC.swift */; };
		F8DB7A5C28DB1FA700EE3D66 /* UIView+.swift in Sources */ = {isa = PBXBuildFile; fileRef = F8DB7A5B28DB1FA700EE3D66 /* UIView+.swift */; };
		F8DB7A5E28DB29F700EE3D66 /* UIColor+.swift in Sources */ = {isa = PBXBuildFile; fileRef = F8DB7A5D28DB29F700EE3D66 /* UIColor+.swift */; };
		F8DB7A6028DB2E8600EE3D66 /* AuthBaseVC.swift in Sources */ = {isa = PBXBuildFile; fileRef = F8DB7A5F28DB2E8600EE3D66 /* AuthBaseVC.swift */; };
/* End PBXBuildFile section */

/* Begin PBXFileReference section */
		4DBDEC1028D4EFE2002252B3 /* FindDict.app */ = {isa = PBXFileReference; explicitFileType = wrapper.application; includeInIndex = 0; path = FindDict.app; sourceTree = BUILT_PRODUCTS_DIR; };
		4DBDEC1328D4EFE2002252B3 /* AppDelegate.swift */ = {isa = PBXFileReference; lastKnownFileType = sourcecode.swift; path = AppDelegate.swift; sourceTree = "<group>"; };
		4DBDEC1528D4EFE2002252B3 /* SceneDelegate.swift */ = {isa = PBXFileReference; lastKnownFileType = sourcecode.swift; path = SceneDelegate.swift; sourceTree = "<group>"; };
		4DBDEC1728D4EFE2002252B3 /* ViewController.swift */ = {isa = PBXFileReference; lastKnownFileType = sourcecode.swift; path = ViewController.swift; sourceTree = "<group>"; };
		4DBDEC1A28D4EFE2002252B3 /* Base */ = {isa = PBXFileReference; lastKnownFileType = file.storyboard; name = Base; path = Base.lproj/Main.storyboard; sourceTree = "<group>"; };
		4DBDEC1C28D4EFE3002252B3 /* Assets.xcassets */ = {isa = PBXFileReference; lastKnownFileType = folder.assetcatalog; path = Assets.xcassets; sourceTree = "<group>"; };
		4DBDEC1F28D4EFE3002252B3 /* Base */ = {isa = PBXFileReference; lastKnownFileType = file.storyboard; name = Base; path = Base.lproj/LaunchScreen.storyboard; sourceTree = "<group>"; };
		4DBDEC2128D4EFE3002252B3 /* Info.plist */ = {isa = PBXFileReference; lastKnownFileType = text.plist.xml; path = Info.plist; sourceTree = "<group>"; };
		4DBDEC2B28D4F169002252B3 /* BaseVC.swift */ = {isa = PBXFileReference; lastKnownFileType = sourcecode.swift; path = BaseVC.swift; sourceTree = "<group>"; };
		4DBDEC2E28D4F2B3002252B3 /* UIViewController+.swift */ = {isa = PBXFileReference; lastKnownFileType = sourcecode.swift; path = "UIViewController+.swift"; sourceTree = "<group>"; };
		4DBDEC3128D4F308002252B3 /* Colorsets.xcassets */ = {isa = PBXFileReference; lastKnownFileType = folder.assetcatalog; path = Colorsets.xcassets; sourceTree = "<group>"; };
		F8823AA028DFE99200798374 /* SignUpVC.swift */ = {isa = PBXFileReference; lastKnownFileType = sourcecode.swift; path = SignUpVC.swift; sourceTree = "<group>"; };
		F8823AA228E022CC00798374 /* UITextField+.swift */ = {isa = PBXFileReference; lastKnownFileType = sourcecode.swift; path = "UITextField+.swift"; sourceTree = "<group>"; };
		F8DB7A5928DB1D3100EE3D66 /* SignInVC.swift */ = {isa = PBXFileReference; lastKnownFileType = sourcecode.swift; path = SignInVC.swift; sourceTree = "<group>"; };
		F8DB7A5B28DB1FA700EE3D66 /* UIView+.swift */ = {isa = PBXFileReference; lastKnownFileType = sourcecode.swift; path = "UIView+.swift"; sourceTree = "<group>"; };
		F8DB7A5D28DB29F700EE3D66 /* UIColor+.swift */ = {isa = PBXFileReference; lastKnownFileType = sourcecode.swift; path = "UIColor+.swift"; sourceTree = "<group>"; };
		F8DB7A5F28DB2E8600EE3D66 /* AuthBaseVC.swift */ = {isa = PBXFileReference; lastKnownFileType = sourcecode.swift; path = AuthBaseVC.swift; sourceTree = "<group>"; };
/* End PBXFileReference section */

/* Begin PBXFrameworksBuildPhase section */
		4DBDEC0D28D4EFE2002252B3 /* Frameworks */ = {
			isa = PBXFrameworksBuildPhase;
			buildActionMask = 2147483647;
			files = (
				4D53A66A28DAF9C0000E2AA2 /* SnapKit in Frameworks */,
				4D53A66D28DAF9C8000E2AA2 /* Then in Frameworks */,
			);
			runOnlyForDeploymentPostprocessing = 0;
		};
/* End PBXFrameworksBuildPhase section */

/* Begin PBXGroup section */
		4DBDEC0728D4EFE2002252B3 = {
			isa = PBXGroup;
			children = (
				4DBDEC1228D4EFE2002252B3 /* FindDict */,
				4DBDEC1128D4EFE2002252B3 /* Products */,
			);
			sourceTree = "<group>";
		};
		4DBDEC1128D4EFE2002252B3 /* Products */ = {
			isa = PBXGroup;
			children = (
				4DBDEC1028D4EFE2002252B3 /* FindDict.app */,
			);
			name = Products;
			sourceTree = "<group>";
		};
		4DBDEC1228D4EFE2002252B3 /* FindDict */ = {
			isa = PBXGroup;
			children = (
				4DBDEC2128D4EFE3002252B3 /* Info.plist */,
				4DBDEC2728D4F020002252B3 /* Application */,
				4DBDEC3628D4F393002252B3 /* Network */,
				4DBDEC2828D4F028002252B3 /* Global */,
				4DBDEC2928D4F03F002252B3 /* Resources */,
				4DBDEC2A28D4F046002252B3 /* Sources */,
			);
			path = FindDict;
			sourceTree = "<group>";
		};
		4DBDEC2728D4F020002252B3 /* Application */ = {
			isa = PBXGroup;
			children = (
				4DBDEC1328D4EFE2002252B3 /* AppDelegate.swift */,
				4DBDEC1528D4EFE2002252B3 /* SceneDelegate.swift */,
			);
			path = Application;
			sourceTree = "<group>";
		};
		4DBDEC2828D4F028002252B3 /* Global */ = {
			isa = PBXGroup;
			children = (
				4DBDEC3028D4F2C3002252B3 /* Base */,
				4DBDEC2D28D4F1D9002252B3 /* Extensions */,
			);
			path = Global;
			sourceTree = "<group>";
		};
		4DBDEC2928D4F03F002252B3 /* Resources */ = {
			isa = PBXGroup;
			children = (
				4DBDEC3328D4F32F002252B3 /* Fonts */,
				4DBDEC1C28D4EFE3002252B3 /* Assets.xcassets */,
				4DBDEC3128D4F308002252B3 /* Colorsets.xcassets */,
			);
			path = Resources;
			sourceTree = "<group>";
		};
		4DBDEC2A28D4F046002252B3 /* Sources */ = {
			isa = PBXGroup;
			children = (
				4DBDEC3428D4F351002252B3 /* Components */,
				4DBDEC3528D4F35D002252B3 /* Scences */,
			);
			path = Sources;
			sourceTree = "<group>";
		};
		4DBDEC2D28D4F1D9002252B3 /* Extensions */ = {
			isa = PBXGroup;
			children = (
				4DBDEC2E28D4F2B3002252B3 /* UIViewController+.swift */,
				F8DB7A5B28DB1FA700EE3D66 /* UIView+.swift */,
				F8DB7A5D28DB29F700EE3D66 /* UIColor+.swift */,
				F8823AA228E022CC00798374 /* UITextField+.swift */,
			);
			path = Extensions;
			sourceTree = "<group>";
		};
		4DBDEC3028D4F2C3002252B3 /* Base */ = {
			isa = PBXGroup;
			children = (
				4DBDEC2B28D4F169002252B3 /* BaseVC.swift */,
				F8DB7A5F28DB2E8600EE3D66 /* AuthBaseVC.swift */,
			);
			path = Base;
			sourceTree = "<group>";
		};
		4DBDEC3328D4F32F002252B3 /* Fonts */ = {
			isa = PBXGroup;
			children = (
			);
			path = Fonts;
			sourceTree = "<group>";
		};
		4DBDEC3428D4F351002252B3 /* Components */ = {
			isa = PBXGroup;
			children = (
			);
			path = Components;
			sourceTree = "<group>";
		};
		4DBDEC3528D4F35D002252B3 /* Scences */ = {
			isa = PBXGroup;
			children = (
				F8823A9F28DFE96200798374 /* SignUp */,
				F8DB7A5628DB1C7900EE3D66 /* SignIn */,
				4DBDEC1728D4EFE2002252B3 /* ViewController.swift */,
				4DBDEC1928D4EFE2002252B3 /* Main.storyboard */,
				4DBDEC1E28D4EFE3002252B3 /* LaunchScreen.storyboard */,
			);
			path = Scences;
			sourceTree = "<group>";
		};
		4DBDEC3628D4F393002252B3 /* Network */ = {
			isa = PBXGroup;
			children = (
			);
			path = Network;
			sourceTree = "<group>";
		};
		F8823A9F28DFE96200798374 /* SignUp */ = {
			isa = PBXGroup;
			children = (
				F8823AA028DFE99200798374 /* SignUpVC.swift */,
			);
			path = SignUp;
			sourceTree = "<group>";
		};
		F8DB7A5628DB1C7900EE3D66 /* SignIn */ = {
			isa = PBXGroup;
			children = (
				F8DB7A5928DB1D3100EE3D66 /* SignInVC.swift */,
			);
			path = SignIn;
			sourceTree = "<group>";
		};
/* End PBXGroup section */

/* Begin PBXNativeTarget section */
		4DBDEC0F28D4EFE2002252B3 /* FindDict */ = {
			isa = PBXNativeTarget;
			buildConfigurationList = 4DBDEC2428D4EFE3002252B3 /* Build configuration list for PBXNativeTarget "FindDict" */;
			buildPhases = (
				4DBDEC0C28D4EFE2002252B3 /* Sources */,
				4DBDEC0D28D4EFE2002252B3 /* Frameworks */,
				4DBDEC0E28D4EFE2002252B3 /* Resources */,
			);
			buildRules = (
			);
			dependencies = (
			);
			name = FindDict;
			packageProductDependencies = (
				4D53A66928DAF9C0000E2AA2 /* SnapKit */,
				4D53A66C28DAF9C8000E2AA2 /* Then */,
			);
			productName = FindDict;
			productReference = 4DBDEC1028D4EFE2002252B3 /* FindDict.app */;
			productType = "com.apple.product-type.application";
		};
/* End PBXNativeTarget section */

/* Begin PBXProject section */
		4DBDEC0828D4EFE2002252B3 /* Project object */ = {
			isa = PBXProject;
			attributes = {
				BuildIndependentTargetsInParallel = 1;
				LastSwiftUpdateCheck = 1400;
				LastUpgradeCheck = 1400;
				TargetAttributes = {
					4DBDEC0F28D4EFE2002252B3 = {
						CreatedOnToolsVersion = 14.0;
					};
				};
			};
			buildConfigurationList = 4DBDEC0B28D4EFE2002252B3 /* Build configuration list for PBXProject "FindDict" */;
			compatibilityVersion = "Xcode 13.0";
			developmentRegion = en;
			hasScannedForEncodings = 0;
			knownRegions = (
				en,
				Base,
			);
			mainGroup = 4DBDEC0728D4EFE2002252B3;
			packageReferences = (
				4D53A66828DAF9C0000E2AA2 /* XCRemoteSwiftPackageReference "SnapKit" */,
				4D53A66B28DAF9C8000E2AA2 /* XCRemoteSwiftPackageReference "Then" */,
			);
			productRefGroup = 4DBDEC1128D4EFE2002252B3 /* Products */;
			projectDirPath = "";
			projectRoot = "";
			targets = (
				4DBDEC0F28D4EFE2002252B3 /* FindDict */,
			);
		};
/* End PBXProject section */

/* Begin PBXResourcesBuildPhase section */
		4DBDEC0E28D4EFE2002252B3 /* Resources */ = {
			isa = PBXResourcesBuildPhase;
			buildActionMask = 2147483647;
			files = (
				4DBDEC3228D4F308002252B3 /* Colorsets.xcassets in Resources */,
				4DBDEC2028D4EFE3002252B3 /* LaunchScreen.storyboard in Resources */,
				4DBDEC1D28D4EFE3002252B3 /* Assets.xcassets in Resources */,
				4DBDEC1B28D4EFE2002252B3 /* Main.storyboard in Resources */,
			);
			runOnlyForDeploymentPostprocessing = 0;
		};
/* End PBXResourcesBuildPhase section */

/* Begin PBXSourcesBuildPhase section */
		4DBDEC0C28D4EFE2002252B3 /* Sources */ = {
			isa = PBXSourcesBuildPhase;
			buildActionMask = 2147483647;
			files = (
				4DBDEC1828D4EFE2002252B3 /* ViewController.swift in Sources */,
				F8DB7A5E28DB29F700EE3D66 /* UIColor+.swift in Sources */,
				4DBDEC1428D4EFE2002252B3 /* AppDelegate.swift in Sources */,
				F8DB7A6028DB2E8600EE3D66 /* AuthBaseVC.swift in Sources */,
				F8DB7A5C28DB1FA700EE3D66 /* UIView+.swift in Sources */,
				F8DB7A5A28DB1D3100EE3D66 /* SignInVC.swift in Sources */,
				4DBDEC2F28D4F2B3002252B3 /* UIViewController+.swift in Sources */,
				4DBDEC1628D4EFE2002252B3 /* SceneDelegate.swift in Sources */,
				F8823AA128DFE99200798374 /* SignUpVC.swift in Sources */,
				4DBDEC2C28D4F169002252B3 /* BaseVC.swift in Sources */,
				F8823AA328E022CC00798374 /* UITextField+.swift in Sources */,
			);
			runOnlyForDeploymentPostprocessing = 0;
		};
/* End PBXSourcesBuildPhase section */

/* Begin PBXVariantGroup section */
		4DBDEC1928D4EFE2002252B3 /* Main.storyboard */ = {
			isa = PBXVariantGroup;
			children = (
				4DBDEC1A28D4EFE2002252B3 /* Base */,
			);
			name = Main.storyboard;
			sourceTree = "<group>";
		};
		4DBDEC1E28D4EFE3002252B3 /* LaunchScreen.storyboard */ = {
			isa = PBXVariantGroup;
			children = (
				4DBDEC1F28D4EFE3002252B3 /* Base */,
			);
			name = LaunchScreen.storyboard;
			sourceTree = "<group>";
		};
/* End PBXVariantGroup section */

/* Begin XCBuildConfiguration section */
		4DBDEC2228D4EFE3002252B3 /* Debug */ = {
			isa = XCBuildConfiguration;
			buildSettings = {
				ALWAYS_SEARCH_USER_PATHS = NO;
				CLANG_ANALYZER_NONNULL = YES;
				CLANG_ANALYZER_NUMBER_OBJECT_CONVERSION = YES_AGGRESSIVE;
				CLANG_CXX_LANGUAGE_STANDARD = "gnu++20";
				CLANG_ENABLE_MODULES = YES;
				CLANG_ENABLE_OBJC_ARC = YES;
				CLANG_ENABLE_OBJC_WEAK = YES;
				CLANG_WARN_BLOCK_CAPTURE_AUTORELEASING = YES;
				CLANG_WARN_BOOL_CONVERSION = YES;
				CLANG_WARN_COMMA = YES;
				CLANG_WARN_CONSTANT_CONVERSION = YES;
				CLANG_WARN_DEPRECATED_OBJC_IMPLEMENTATIONS = YES;
				CLANG_WARN_DIRECT_OBJC_ISA_USAGE = YES_ERROR;
				CLANG_WARN_DOCUMENTATION_COMMENTS = YES;
				CLANG_WARN_EMPTY_BODY = YES;
				CLANG_WARN_ENUM_CONVERSION = YES;
				CLANG_WARN_INFINITE_RECURSION = YES;
				CLANG_WARN_INT_CONVERSION = YES;
				CLANG_WARN_NON_LITERAL_NULL_CONVERSION = YES;
				CLANG_WARN_OBJC_IMPLICIT_RETAIN_SELF = YES;
				CLANG_WARN_OBJC_LITERAL_CONVERSION = YES;
				CLANG_WARN_OBJC_ROOT_CLASS = YES_ERROR;
				CLANG_WARN_QUOTED_INCLUDE_IN_FRAMEWORK_HEADER = YES;
				CLANG_WARN_RANGE_LOOP_ANALYSIS = YES;
				CLANG_WARN_STRICT_PROTOTYPES = YES;
				CLANG_WARN_SUSPICIOUS_MOVE = YES;
				CLANG_WARN_UNGUARDED_AVAILABILITY = YES_AGGRESSIVE;
				CLANG_WARN_UNREACHABLE_CODE = YES;
				CLANG_WARN__DUPLICATE_METHOD_MATCH = YES;
				COPY_PHASE_STRIP = NO;
				DEBUG_INFORMATION_FORMAT = dwarf;
				ENABLE_STRICT_OBJC_MSGSEND = YES;
				ENABLE_TESTABILITY = YES;
				GCC_C_LANGUAGE_STANDARD = gnu11;
				GCC_DYNAMIC_NO_PIC = NO;
				GCC_NO_COMMON_BLOCKS = YES;
				GCC_OPTIMIZATION_LEVEL = 0;
				GCC_PREPROCESSOR_DEFINITIONS = (
					"DEBUG=1",
					"$(inherited)",
				);
				GCC_WARN_64_TO_32_BIT_CONVERSION = YES;
				GCC_WARN_ABOUT_RETURN_TYPE = YES_ERROR;
				GCC_WARN_UNDECLARED_SELECTOR = YES;
				GCC_WARN_UNINITIALIZED_AUTOS = YES_AGGRESSIVE;
				GCC_WARN_UNUSED_FUNCTION = YES;
				GCC_WARN_UNUSED_VARIABLE = YES;
				IPHONEOS_DEPLOYMENT_TARGET = 16.0;
				MTL_ENABLE_DEBUG_INFO = INCLUDE_SOURCE;
				MTL_FAST_MATH = YES;
				ONLY_ACTIVE_ARCH = YES;
				SDKROOT = iphoneos;
				SWIFT_ACTIVE_COMPILATION_CONDITIONS = DEBUG;
				SWIFT_OPTIMIZATION_LEVEL = "-Onone";
			};
			name = Debug;
		};
		4DBDEC2328D4EFE3002252B3 /* Release */ = {
			isa = XCBuildConfiguration;
			buildSettings = {
				ALWAYS_SEARCH_USER_PATHS = NO;
				CLANG_ANALYZER_NONNULL = YES;
				CLANG_ANALYZER_NUMBER_OBJECT_CONVERSION = YES_AGGRESSIVE;
				CLANG_CXX_LANGUAGE_STANDARD = "gnu++20";
				CLANG_ENABLE_MODULES = YES;
				CLANG_ENABLE_OBJC_ARC = YES;
				CLANG_ENABLE_OBJC_WEAK = YES;
				CLANG_WARN_BLOCK_CAPTURE_AUTORELEASING = YES;
				CLANG_WARN_BOOL_CONVERSION = YES;
				CLANG_WARN_COMMA = YES;
				CLANG_WARN_CONSTANT_CONVERSION = YES;
				CLANG_WARN_DEPRECATED_OBJC_IMPLEMENTATIONS = YES;
				CLANG_WARN_DIRECT_OBJC_ISA_USAGE = YES_ERROR;
				CLANG_WARN_DOCUMENTATION_COMMENTS = YES;
				CLANG_WARN_EMPTY_BODY = YES;
				CLANG_WARN_ENUM_CONVERSION = YES;
				CLANG_WARN_INFINITE_RECURSION = YES;
				CLANG_WARN_INT_CONVERSION = YES;
				CLANG_WARN_NON_LITERAL_NULL_CONVERSION = YES;
				CLANG_WARN_OBJC_IMPLICIT_RETAIN_SELF = YES;
				CLANG_WARN_OBJC_LITERAL_CONVERSION = YES;
				CLANG_WARN_OBJC_ROOT_CLASS = YES_ERROR;
				CLANG_WARN_QUOTED_INCLUDE_IN_FRAMEWORK_HEADER = YES;
				CLANG_WARN_RANGE_LOOP_ANALYSIS = YES;
				CLANG_WARN_STRICT_PROTOTYPES = YES;
				CLANG_WARN_SUSPICIOUS_MOVE = YES;
				CLANG_WARN_UNGUARDED_AVAILABILITY = YES_AGGRESSIVE;
				CLANG_WARN_UNREACHABLE_CODE = YES;
				CLANG_WARN__DUPLICATE_METHOD_MATCH = YES;
				COPY_PHASE_STRIP = NO;
				DEBUG_INFORMATION_FORMAT = "dwarf-with-dsym";
				ENABLE_NS_ASSERTIONS = NO;
				ENABLE_STRICT_OBJC_MSGSEND = YES;
				GCC_C_LANGUAGE_STANDARD = gnu11;
				GCC_NO_COMMON_BLOCKS = YES;
				GCC_WARN_64_TO_32_BIT_CONVERSION = YES;
				GCC_WARN_ABOUT_RETURN_TYPE = YES_ERROR;
				GCC_WARN_UNDECLARED_SELECTOR = YES;
				GCC_WARN_UNINITIALIZED_AUTOS = YES_AGGRESSIVE;
				GCC_WARN_UNUSED_FUNCTION = YES;
				GCC_WARN_UNUSED_VARIABLE = YES;
				IPHONEOS_DEPLOYMENT_TARGET = 16.0;
				MTL_ENABLE_DEBUG_INFO = NO;
				MTL_FAST_MATH = YES;
				SDKROOT = iphoneos;
				SWIFT_COMPILATION_MODE = wholemodule;
				SWIFT_OPTIMIZATION_LEVEL = "-O";
				VALIDATE_PRODUCT = YES;
			};
			name = Release;
		};
		4DBDEC2528D4EFE3002252B3 /* Debug */ = {
			isa = XCBuildConfiguration;
			buildSettings = {
				ASSETCATALOG_COMPILER_APPICON_NAME = AppIcon;
				ASSETCATALOG_COMPILER_GLOBAL_ACCENT_COLOR_NAME = AccentColor;
				CODE_SIGN_STYLE = Automatic;
				CURRENT_PROJECT_VERSION = 1;
				DEVELOPMENT_TEAM = 3BJK5D777T;
				GENERATE_INFOPLIST_FILE = YES;
				INFOPLIST_FILE = FindDict/Info.plist;
				INFOPLIST_KEY_CFBundleDisplayName = "Find DIct";
				INFOPLIST_KEY_LSApplicationCategoryType = "public.app-category.education";
				INFOPLIST_KEY_UIApplicationSupportsIndirectInputEvents = YES;
				INFOPLIST_KEY_UILaunchStoryboardName = LaunchScreen;
				INFOPLIST_KEY_UIMainStoryboardFile = Main;
				INFOPLIST_KEY_UISupportedInterfaceOrientations_iPad = "UIInterfaceOrientationPortrait UIInterfaceOrientationPortraitUpsideDown UIInterfaceOrientationLandscapeLeft UIInterfaceOrientationLandscapeRight";
				INFOPLIST_KEY_UISupportedInterfaceOrientations_iPhone = "UIInterfaceOrientationPortrait UIInterfaceOrientationLandscapeLeft UIInterfaceOrientationLandscapeRight";
				IPHONEOS_DEPLOYMENT_TARGET = 13.0;
				LD_RUNPATH_SEARCH_PATHS = (
					"$(inherited)",
					"@executable_path/Frameworks",
				);
				MARKETING_VERSION = 1.0;
				PRODUCT_BUNDLE_IDENTIFIER = CapstoneDesign.FindDict;
				PRODUCT_NAME = "$(TARGET_NAME)";
				SWIFT_EMIT_LOC_STRINGS = YES;
				SWIFT_VERSION = 5.0;
				TARGETED_DEVICE_FAMILY = "1,2";
			};
			name = Debug;
		};
		4DBDEC2628D4EFE3002252B3 /* Release */ = {
			isa = XCBuildConfiguration;
			buildSettings = {
				ASSETCATALOG_COMPILER_APPICON_NAME = AppIcon;
				ASSETCATALOG_COMPILER_GLOBAL_ACCENT_COLOR_NAME = AccentColor;
				CODE_SIGN_STYLE = Automatic;
				CURRENT_PROJECT_VERSION = 1;
				DEVELOPMENT_TEAM = 3BJK5D777T;
				GENERATE_INFOPLIST_FILE = YES;
				INFOPLIST_FILE = FindDict/Info.plist;
				INFOPLIST_KEY_CFBundleDisplayName = "Find DIct";
				INFOPLIST_KEY_LSApplicationCategoryType = "public.app-category.education";
				INFOPLIST_KEY_UIApplicationSupportsIndirectInputEvents = YES;
				INFOPLIST_KEY_UILaunchStoryboardName = LaunchScreen;
				INFOPLIST_KEY_UIMainStoryboardFile = Main;
				INFOPLIST_KEY_UISupportedInterfaceOrientations_iPad = "UIInterfaceOrientationPortrait UIInterfaceOrientationPortraitUpsideDown UIInterfaceOrientationLandscapeLeft UIInterfaceOrientationLandscapeRight";
				INFOPLIST_KEY_UISupportedInterfaceOrientations_iPhone = "UIInterfaceOrientationPortrait UIInterfaceOrientationLandscapeLeft UIInterfaceOrientationLandscapeRight";
				IPHONEOS_DEPLOYMENT_TARGET = 13.0;
				LD_RUNPATH_SEARCH_PATHS = (
					"$(inherited)",
					"@executable_path/Frameworks",
				);
				MARKETING_VERSION = 1.0;
				PRODUCT_BUNDLE_IDENTIFIER = CapstoneDesign.FindDict;
				PRODUCT_NAME = "$(TARGET_NAME)";
				SWIFT_EMIT_LOC_STRINGS = YES;
				SWIFT_VERSION = 5.0;
				TARGETED_DEVICE_FAMILY = "1,2";
			};
			name = Release;
		};
/* End XCBuildConfiguration section */

/* Begin XCConfigurationList section */
		4DBDEC0B28D4EFE2002252B3 /* Build configuration list for PBXProject "FindDict" */ = {
			isa = XCConfigurationList;
			buildConfigurations = (
				4DBDEC2228D4EFE3002252B3 /* Debug */,
				4DBDEC2328D4EFE3002252B3 /* Release */,
			);
			defaultConfigurationIsVisible = 0;
			defaultConfigurationName = Release;
		};
		4DBDEC2428D4EFE3002252B3 /* Build configuration list for PBXNativeTarget "FindDict" */ = {
			isa = XCConfigurationList;
			buildConfigurations = (
				4DBDEC2528D4EFE3002252B3 /* Debug */,
				4DBDEC2628D4EFE3002252B3 /* Release */,
			);
			defaultConfigurationIsVisible = 0;
			defaultConfigurationName = Release;
		};
/* End XCConfigurationList section */

/* Begin XCRemoteSwiftPackageReference section */
		4D53A66828DAF9C0000E2AA2 /* XCRemoteSwiftPackageReference "SnapKit" */ = {
			isa = XCRemoteSwiftPackageReference;
			repositoryURL = "https://github.com/SnapKit/SnapKit.git";
			requirement = {
				branch = develop;
				kind = branch;
			};
		};
		4D53A66B28DAF9C8000E2AA2 /* XCRemoteSwiftPackageReference "Then" */ = {
			isa = XCRemoteSwiftPackageReference;
			repositoryURL = "https://github.com/devxoul/Then";
			requirement = {
				branch = master;
				kind = branch;
			};
		};
/* End XCRemoteSwiftPackageReference section */

/* Begin XCSwiftPackageProductDependency section */
		4D53A66928DAF9C0000E2AA2 /* SnapKit */ = {
			isa = XCSwiftPackageProductDependency;
			package = 4D53A66828DAF9C0000E2AA2 /* XCRemoteSwiftPackageReference "SnapKit" */;
			productName = SnapKit;
		};
		4D53A66C28DAF9C8000E2AA2 /* Then */ = {
			isa = XCSwiftPackageProductDependency;
			package = 4D53A66B28DAF9C8000E2AA2 /* XCRemoteSwiftPackageReference "Then" */;
			productName = Then;
		};
/* End XCSwiftPackageProductDependency section */
	};
	rootObject = 4DBDEC0828D4EFE2002252B3 /* Project object */;
}
