// !$*UTF8*$!
{
	archiveVersion = 1;
	classes = {
	};
	objectVersion = 55;
	objects = {

/* Begin PBXBuildFile section */
		4D0B1E1028E59178007F16DB /* NotoSans-Bold.ttf in Resources */ = {isa = PBXBuildFile; fileRef = 4D14BD7328E20A8C002B2165 /* NotoSans-Bold.ttf */; };
		4D0B1E1228E5A9A4007F16DB /* GameVC.swift in Sources */ = {isa = PBXBuildFile; fileRef = 4D0B1E1128E5A9A4007F16DB /* GameVC.swift */; };
		4D0B1E1428E5AA2C007F16DB /* yolov5m.mlmodel in Sources */ = {isa = PBXBuildFile; fileRef = 4D0B1E1328E5AA2C007F16DB /* yolov5m.mlmodel */; };
		4D0B1E1628E5B213007F16DB /* UIImage+.swift in Sources */ = {isa = PBXBuildFile; fileRef = 4D0B1E1528E5B213007F16DB /* UIImage+.swift */; };
		4D14BD6828E1B924002B2165 /* UIButton+.swift in Sources */ = {isa = PBXBuildFile; fileRef = 4D14BD6728E1B924002B2165 /* UIButton+.swift */; };
		4D14BD6A28E1C0F9002B2165 /* TextField.swift in Sources */ = {isa = PBXBuildFile; fileRef = 4D14BD6928E1C0F9002B2165 /* TextField.swift */; };
		4D14BD6F28E2068B002B2165 /* PhotoReselectModalVC.swift in Sources */ = {isa = PBXBuildFile; fileRef = 4D14BD6E28E2068B002B2165 /* PhotoReselectModalVC.swift */; };
		4D14BD7128E206BA002B2165 /* PhotoSelectorButton.swift in Sources */ = {isa = PBXBuildFile; fileRef = 4D14BD7028E206BA002B2165 /* PhotoSelectorButton.swift */; };
		4D14BD7728E20B8D002B2165 /* UIFont+.swift in Sources */ = {isa = PBXBuildFile; fileRef = 4D14BD7628E20B8D002B2165 /* UIFont+.swift */; };
		4D14BD7928E20CA4002B2165 /* NotoSans-Medium.ttf in Resources */ = {isa = PBXBuildFile; fileRef = 4D14BD7428E20A8C002B2165 /* NotoSans-Medium.ttf */; };
		4D14BD7A28E20CA6002B2165 /* NotoSans-SemiBold.ttf in Resources */ = {isa = PBXBuildFile; fileRef = 4D14BD7528E20A8C002B2165 /* NotoSans-SemiBold.ttf */; };
		4D14BD7B28E20CA8002B2165 /* NotoSans-Regular.ttf in Resources */ = {isa = PBXBuildFile; fileRef = 4D14BD7228E20A8C002B2165 /* NotoSans-Regular.ttf */; };
		4D19F2FE2922579B002696D4 /* UIImageView+.swift in Sources */ = {isa = PBXBuildFile; fileRef = 4D19F2FD2922579A002696D4 /* UIImageView+.swift */; };
		4D2A6E6229376F5B00B53C7A /* UIStackView+.swift in Sources */ = {isa = PBXBuildFile; fileRef = 4D2A6E6129376F5B00B53C7A /* UIStackView+.swift */; };
		4D2FC6D9292264EE00FAB324 /* CreateWordBodyModel.swift in Sources */ = {isa = PBXBuildFile; fileRef = 4D2FC6D8292264EE00FAB324 /* CreateWordBodyModel.swift */; };
		4D2FC6DB292264F400FAB324 /* CreateWordResponseModel.swift in Sources */ = {isa = PBXBuildFile; fileRef = 4D2FC6DA292264F400FAB324 /* CreateWordResponseModel.swift */; };
		4D2FC6DD29226A4500FAB324 /* HintResponseModel.swift in Sources */ = {isa = PBXBuildFile; fileRef = 4D2FC6DC29226A4500FAB324 /* HintResponseModel.swift */; };
		4D36F9AF293138480054078B /* ObjectDetector.swift in Sources */ = {isa = PBXBuildFile; fileRef = 4D36F9AE293138480054078B /* ObjectDetector.swift */; };
		4D53A66A28DAF9C0000E2AA2 /* SnapKit in Frameworks */ = {isa = PBXBuildFile; productRef = 4D53A66928DAF9C0000E2AA2 /* SnapKit */; };
		4D53A66D28DAF9C8000E2AA2 /* Then in Frameworks */ = {isa = PBXBuildFile; productRef = 4D53A66C28DAF9C8000E2AA2 /* Then */; };
		4D6943E42914F11300974B71 /* GuessedRightWordVC.swift in Sources */ = {isa = PBXBuildFile; fileRef = 4D6943E32914F11300974B71 /* GuessedRightWordVC.swift */; };
		4D6943E6291518EF00974B71 /* SpeechButton.swift in Sources */ = {isa = PBXBuildFile; fileRef = 4D6943E5291518EF00974B71 /* SpeechButton.swift */; };
		4D85DFC72940708A0016ABF9 /* DefaultNavigationBar.swift in Sources */ = {isa = PBXBuildFile; fileRef = 4D85DFC62940708A0016ABF9 /* DefaultNavigationBar.swift */; };
		4D85DFCB2941BC170016ABF9 /* GameClear.wav in Resources */ = {isa = PBXBuildFile; fileRef = 4D85DFC92941BC170016ABF9 /* GameClear.wav */; };
		4D85DFCC2941BC170016ABF9 /* CorrectAnswer.wav in Resources */ = {isa = PBXBuildFile; fileRef = 4D85DFCA2941BC170016ABF9 /* CorrectAnswer.wav */; };
		4D85DFCE2941BC950016ABF9 /* WrongAnswer.wav in Resources */ = {isa = PBXBuildFile; fileRef = 4D85DFCD2941BC950016ABF9 /* WrongAnswer.wav */; };
		4D8E9F3328F001C00013B7E7 /* yolov7.mlmodel in Sources */ = {isa = PBXBuildFile; fileRef = 4D8E9F3228F001C00013B7E7 /* yolov7.mlmodel */; };
		4D94E905292E371C00867289 /* PhotoSelectorVC.swift in Sources */ = {isa = PBXBuildFile; fileRef = 4D94E904292E371C00867289 /* PhotoSelectorVC.swift */; };
		4D9ADC0728E018DB008CF9F3 /* SignInVC.swift in Sources */ = {isa = PBXBuildFile; fileRef = 4D9ADC0628E018DB008CF9F3 /* SignInVC.swift */; };
		4DA65AAE28E86914002DEFE3 /* TargetType.swift in Sources */ = {isa = PBXBuildFile; fileRef = 4DA65AAD28E86914002DEFE3 /* TargetType.swift */; };
		4DA65AB128E86A55002DEFE3 /* Alamofire in Frameworks */ = {isa = PBXBuildFile; productRef = 4DA65AB028E86A55002DEFE3 /* Alamofire */; };
		4DA65AB328E86A7A002DEFE3 /* NetworkResult.swift in Sources */ = {isa = PBXBuildFile; fileRef = 4DA65AB228E86A7A002DEFE3 /* NetworkResult.swift */; };
		4DA65AB628E86AB0002DEFE3 /* APIConstants.swift in Sources */ = {isa = PBXBuildFile; fileRef = 4DA65AB528E86AB0002DEFE3 /* APIConstants.swift */; };
		4DA65AB828E86ABB002DEFE3 /* GenericResponse.swift in Sources */ = {isa = PBXBuildFile; fileRef = 4DA65AB728E86ABB002DEFE3 /* GenericResponse.swift */; };
		4DA65ABA28E86AC8002DEFE3 /* NetworkConstants.swift in Sources */ = {isa = PBXBuildFile; fileRef = 4DA65AB928E86AC8002DEFE3 /* NetworkConstants.swift */; };
		4DA65ABD28E86B25002DEFE3 /* AuthService.swift in Sources */ = {isa = PBXBuildFile; fileRef = 4DA65ABC28E86B25002DEFE3 /* AuthService.swift */; };
		4DA65AC028E86B57002DEFE3 /* BaseAPI.swift in Sources */ = {isa = PBXBuildFile; fileRef = 4DA65ABF28E86B57002DEFE3 /* BaseAPI.swift */; };
		4DA65AC228E86B6B002DEFE3 /* AuthAPI.swift in Sources */ = {isa = PBXBuildFile; fileRef = 4DA65AC128E86B6A002DEFE3 /* AuthAPI.swift */; };
		4DA65AC428E86B8C002DEFE3 /* EvenLogger.swift in Sources */ = {isa = PBXBuildFile; fileRef = 4DA65AC328E86B8C002DEFE3 /* EvenLogger.swift */; };
		4DA65AC728E86C46002DEFE3 /* SignInBodyModel.swift in Sources */ = {isa = PBXBuildFile; fileRef = 4DA65AC628E86C46002DEFE3 /* SignInBodyModel.swift */; };
		4DA65AC928E86CE0002DEFE3 /* SignInResponseModel.swift in Sources */ = {isa = PBXBuildFile; fileRef = 4DA65AC828E86CE0002DEFE3 /* SignInResponseModel.swift */; };
		4DAA3267291E11F500400008 /* WordDetailResponseModel.swift in Sources */ = {isa = PBXBuildFile; fileRef = 4DAA3266291E11F500400008 /* WordDetailResponseModel.swift */; };
		4DAA326D292258B600400008 /* UIImageView+.swift in Sources */ = {isa = PBXBuildFile; fileRef = 4DAA326C292258B600400008 /* UIImageView+.swift */; };
		4DB7B48B291BD338000485E1 /* MessageType.swift in Sources */ = {isa = PBXBuildFile; fileRef = 4DB7B48A291BD338000485E1 /* MessageType.swift */; };
		4DB7B48D291BD803000485E1 /* UserToken.swift in Sources */ = {isa = PBXBuildFile; fileRef = 4DB7B48C291BD803000485E1 /* UserToken.swift */; };
		4DB7B493291BD97F000485E1 /* SignUpBodyModel.swift in Sources */ = {isa = PBXBuildFile; fileRef = 4DB7B492291BD97F000485E1 /* SignUpBodyModel.swift */; };
		4DB7B495291BDA33000485E1 /* SignUpResponseModel.swift in Sources */ = {isa = PBXBuildFile; fileRef = 4DB7B494291BDA33000485E1 /* SignUpResponseModel.swift */; };
		4DB7B499291C08BF000485E1 /* DictionaryDetailVC.swift in Sources */ = {isa = PBXBuildFile; fileRef = 4DB7B498291C08BF000485E1 /* DictionaryDetailVC.swift */; };
		4DB7B49B291C08C6000485E1 /* DictionaryDetailCVC.swift in Sources */ = {isa = PBXBuildFile; fileRef = 4DB7B49A291C08C6000485E1 /* DictionaryDetailCVC.swift */; };
		4DB7B49D291C1DED000485E1 /* WordListModel.swift in Sources */ = {isa = PBXBuildFile; fileRef = 4DB7B49C291C1DED000485E1 /* WordListModel.swift */; };
		4DB7B49F291C1E01000485E1 /* WordListResponseModel.swift in Sources */ = {isa = PBXBuildFile; fileRef = 4DB7B49E291C1E01000485E1 /* WordListResponseModel.swift */; };
		4DB7B4A1291C200F000485E1 /* WordAPI.swift in Sources */ = {isa = PBXBuildFile; fileRef = 4DB7B4A0291C200F000485E1 /* WordAPI.swift */; };
		4DB7B4A3291C201B000485E1 /* WordService.swift in Sources */ = {isa = PBXBuildFile; fileRef = 4DB7B4A2291C201B000485E1 /* WordService.swift */; };
		4DBDEC1428D4EFE2002252B3 /* AppDelegate.swift in Sources */ = {isa = PBXBuildFile; fileRef = 4DBDEC1328D4EFE2002252B3 /* AppDelegate.swift */; };
		4DBDEC1628D4EFE2002252B3 /* SceneDelegate.swift in Sources */ = {isa = PBXBuildFile; fileRef = 4DBDEC1528D4EFE2002252B3 /* SceneDelegate.swift */; };
		4DBDEC1828D4EFE2002252B3 /* ViewController.swift in Sources */ = {isa = PBXBuildFile; fileRef = 4DBDEC1728D4EFE2002252B3 /* ViewController.swift */; };
		4DBDEC1B28D4EFE2002252B3 /* Main.storyboard in Resources */ = {isa = PBXBuildFile; fileRef = 4DBDEC1928D4EFE2002252B3 /* Main.storyboard */; };
		4DBDEC1D28D4EFE3002252B3 /* Assets.xcassets in Resources */ = {isa = PBXBuildFile; fileRef = 4DBDEC1C28D4EFE3002252B3 /* Assets.xcassets */; };
		4DBDEC2028D4EFE3002252B3 /* LaunchScreen.storyboard in Resources */ = {isa = PBXBuildFile; fileRef = 4DBDEC1E28D4EFE3002252B3 /* LaunchScreen.storyboard */; };
		4DBDEC2C28D4F169002252B3 /* BaseVC.swift in Sources */ = {isa = PBXBuildFile; fileRef = 4DBDEC2B28D4F169002252B3 /* BaseVC.swift */; };
		4DBDEC2F28D4F2B3002252B3 /* UIViewController+.swift in Sources */ = {isa = PBXBuildFile; fileRef = 4DBDEC2E28D4F2B3002252B3 /* UIViewController+.swift */; };
		4DBDEC3228D4F308002252B3 /* Colorsets.xcassets in Resources */ = {isa = PBXBuildFile; fileRef = 4DBDEC3128D4F308002252B3 /* Colorsets.xcassets */; };
		4DEE7166290F53EE000C5D9A /* WordDictionary.swift in Sources */ = {isa = PBXBuildFile; fileRef = 4DEE7165290F53EE000C5D9A /* WordDictionary.swift */; };
		4DF76EB8290A61FF00AA79D2 /* GameResultButton.swift in Sources */ = {isa = PBXBuildFile; fileRef = 4DF76EB7290A61FF00AA79D2 /* GameResultButton.swift */; };
		4DF76EBC290A680F00AA79D2 /* TargetListComponentView.swift in Sources */ = {isa = PBXBuildFile; fileRef = 4DF76EBB290A680F00AA79D2 /* TargetListComponentView.swift */; };
		F82979B728ED5C030031BBC3 /* ModalBaseVC.swift in Sources */ = {isa = PBXBuildFile; fileRef = F82979B628ED5C030031BBC3 /* ModalBaseVC.swift */; };
		F82979BF28EEB2220031BBC3 /* GameResultSuccessVC.swift in Sources */ = {isa = PBXBuildFile; fileRef = F82979BE28EEB2220031BBC3 /* GameResultSuccessVC.swift */; };
		F82979C128EEC3A40031BBC3 /* GameResultFailVC.swift in Sources */ = {isa = PBXBuildFile; fileRef = F82979C028EEC3A40031BBC3 /* GameResultFailVC.swift */; };
		F8560AC228EEF11B00C52203 /* GameTutorialVC.swift in Sources */ = {isa = PBXBuildFile; fileRef = F8560AC128EEF11B00C52203 /* GameTutorialVC.swift */; };
		F8560AC428EEF16200C52203 /* GameTutorialCVC.swift in Sources */ = {isa = PBXBuildFile; fileRef = F8560AC328EEF16200C52203 /* GameTutorialCVC.swift */; };
		F8560AC628EEF17800C52203 /* GameTutorialCVCModel.swift in Sources */ = {isa = PBXBuildFile; fileRef = F8560AC528EEF17800C52203 /* GameTutorialCVCModel.swift */; };
		F860B79D28E6CFBC0032A39B /* DictionaryVC.swift in Sources */ = {isa = PBXBuildFile; fileRef = F860B79C28E6CFBC0032A39B /* DictionaryVC.swift */; };
		F860B79F28E7D0AB0032A39B /* DictionaryTVC.swift in Sources */ = {isa = PBXBuildFile; fileRef = F860B79E28E7D0AB0032A39B /* DictionaryTVC.swift */; };
		F860B7A128E832DB0032A39B /* UITableViewCell+.swift in Sources */ = {isa = PBXBuildFile; fileRef = F860B7A028E832DB0032A39B /* UITableViewCell+.swift */; };
		F860B7A328E835860032A39B /* DictionaryCard.swift in Sources */ = {isa = PBXBuildFile; fileRef = F860B7A228E835860032A39B /* DictionaryCard.swift */; };
		F8823AA128DFE99200798374 /* SignUpVC.swift in Sources */ = {isa = PBXBuildFile; fileRef = F8823AA028DFE99200798374 /* SignUpVC.swift */; };
		F8823AA328E022CC00798374 /* UITextField+.swift in Sources */ = {isa = PBXBuildFile; fileRef = F8823AA228E022CC00798374 /* UITextField+.swift */; };
		F8823AA728E5740F00798374 /* MainVC.swift in Sources */ = {isa = PBXBuildFile; fileRef = F8823AA628E5740F00798374 /* MainVC.swift */; };
		F8823AA928E575D300798374 /* MainButton.swift in Sources */ = {isa = PBXBuildFile; fileRef = F8823AA828E575D300798374 /* MainButton.swift */; };
		F8DB7A5A28DB1D3100EE3D66 /* BeforeSignInVC.swift in Sources */ = {isa = PBXBuildFile; fileRef = F8DB7A5928DB1D3100EE3D66 /* BeforeSignInVC.swift */; };
		F8DB7A5C28DB1FA700EE3D66 /* UIView+.swift in Sources */ = {isa = PBXBuildFile; fileRef = F8DB7A5B28DB1FA700EE3D66 /* UIView+.swift */; };
		F8DB7A5E28DB29F700EE3D66 /* UIColor+.swift in Sources */ = {isa = PBXBuildFile; fileRef = F8DB7A5D28DB29F700EE3D66 /* UIColor+.swift */; };
		F8DB7A6028DB2E8600EE3D66 /* AuthBaseVC.swift in Sources */ = {isa = PBXBuildFile; fileRef = F8DB7A5F28DB2E8600EE3D66 /* AuthBaseVC.swift */; };
		F8E32BB4290FCAB9009B0749 /* HintModalVC.swift in Sources */ = {isa = PBXBuildFile; fileRef = F8E32BB3290FCAB9009B0749 /* HintModalVC.swift */; };
		F8E32BB6290FCBB2009B0749 /* GameResultButton.swift in Sources */ = {isa = PBXBuildFile; fileRef = F8E32BB5290FCBB2009B0749 /* GameResultButton.swift */; };
/* End PBXBuildFile section */

/* Begin PBXFileReference section */
		4D0B1E1128E5A9A4007F16DB /* GameVC.swift */ = {isa = PBXFileReference; lastKnownFileType = sourcecode.swift; path = GameVC.swift; sourceTree = "<group>"; };
		4D0B1E1328E5AA2C007F16DB /* yolov5m.mlmodel */ = {isa = PBXFileReference; lastKnownFileType = file.mlmodel; name = yolov5m.mlmodel; path = ../../../../../../../../Downloads/yolov5m.mlmodel; sourceTree = "<group>"; };
		4D0B1E1528E5B213007F16DB /* UIImage+.swift */ = {isa = PBXFileReference; lastKnownFileType = sourcecode.swift; path = "UIImage+.swift"; sourceTree = "<group>"; };
		4D14BD6728E1B924002B2165 /* UIButton+.swift */ = {isa = PBXFileReference; lastKnownFileType = sourcecode.swift; path = "UIButton+.swift"; sourceTree = "<group>"; };
		4D14BD6928E1C0F9002B2165 /* TextField.swift */ = {isa = PBXFileReference; lastKnownFileType = sourcecode.swift; name = TextField.swift; path = FindDict/Global/Extensions/TextField.swift; sourceTree = SOURCE_ROOT; };
		4D14BD6E28E2068B002B2165 /* PhotoReselectModalVC.swift */ = {isa = PBXFileReference; lastKnownFileType = sourcecode.swift; path = PhotoReselectModalVC.swift; sourceTree = "<group>"; };
		4D14BD7028E206BA002B2165 /* PhotoSelectorButton.swift */ = {isa = PBXFileReference; lastKnownFileType = sourcecode.swift; name = PhotoSelectorButton.swift; path = FindDict/Sources/Scences/Game/PhotoSelectorButton.swift; sourceTree = SOURCE_ROOT; };
		4D14BD7228E20A8C002B2165 /* NotoSans-Regular.ttf */ = {isa = PBXFileReference; lastKnownFileType = file; path = "NotoSans-Regular.ttf"; sourceTree = "<group>"; };
		4D14BD7328E20A8C002B2165 /* NotoSans-Bold.ttf */ = {isa = PBXFileReference; lastKnownFileType = file; path = "NotoSans-Bold.ttf"; sourceTree = "<group>"; };
		4D14BD7428E20A8C002B2165 /* NotoSans-Medium.ttf */ = {isa = PBXFileReference; lastKnownFileType = file; path = "NotoSans-Medium.ttf"; sourceTree = "<group>"; };
		4D14BD7528E20A8C002B2165 /* NotoSans-SemiBold.ttf */ = {isa = PBXFileReference; lastKnownFileType = file; path = "NotoSans-SemiBold.ttf"; sourceTree = "<group>"; };
		4D14BD7628E20B8D002B2165 /* UIFont+.swift */ = {isa = PBXFileReference; lastKnownFileType = sourcecode.swift; path = "UIFont+.swift"; sourceTree = "<group>"; };
		4D19F2FD2922579A002696D4 /* UIImageView+.swift */ = {isa = PBXFileReference; lastKnownFileType = sourcecode.swift; path = "UIImageView+.swift"; sourceTree = "<group>"; };
		4D2A6E6129376F5B00B53C7A /* UIStackView+.swift */ = {isa = PBXFileReference; lastKnownFileType = sourcecode.swift; path = "UIStackView+.swift"; sourceTree = "<group>"; };
		4D2FC6D8292264EE00FAB324 /* CreateWordBodyModel.swift */ = {isa = PBXFileReference; fileEncoding = 4; lastKnownFileType = sourcecode.swift; path = CreateWordBodyModel.swift; sourceTree = "<group>"; };
		4D2FC6DA292264F400FAB324 /* CreateWordResponseModel.swift */ = {isa = PBXFileReference; fileEncoding = 4; lastKnownFileType = sourcecode.swift; path = CreateWordResponseModel.swift; sourceTree = "<group>"; };
		4D2FC6DC29226A4500FAB324 /* HintResponseModel.swift */ = {isa = PBXFileReference; fileEncoding = 4; lastKnownFileType = sourcecode.swift; path = HintResponseModel.swift; sourceTree = "<group>"; };
		4D36F9AE293138480054078B /* ObjectDetector.swift */ = {isa = PBXFileReference; lastKnownFileType = sourcecode.swift; path = ObjectDetector.swift; sourceTree = "<group>"; };
		4D6943E32914F11300974B71 /* GuessedRightWordVC.swift */ = {isa = PBXFileReference; lastKnownFileType = sourcecode.swift; path = GuessedRightWordVC.swift; sourceTree = "<group>"; };
		4D6943E5291518EF00974B71 /* SpeechButton.swift */ = {isa = PBXFileReference; lastKnownFileType = sourcecode.swift; path = SpeechButton.swift; sourceTree = "<group>"; };
		4D85DFC62940708A0016ABF9 /* DefaultNavigationBar.swift */ = {isa = PBXFileReference; lastKnownFileType = sourcecode.swift; path = DefaultNavigationBar.swift; sourceTree = "<group>"; };
		4D85DFC92941BC170016ABF9 /* GameClear.wav */ = {isa = PBXFileReference; lastKnownFileType = audio.wav; path = GameClear.wav; sourceTree = "<group>"; };
		4D85DFCA2941BC170016ABF9 /* CorrectAnswer.wav */ = {isa = PBXFileReference; lastKnownFileType = audio.wav; path = CorrectAnswer.wav; sourceTree = "<group>"; };
		4D85DFCD2941BC950016ABF9 /* WrongAnswer.wav */ = {isa = PBXFileReference; lastKnownFileType = audio.wav; path = WrongAnswer.wav; sourceTree = "<group>"; };
		4D8E9F3228F001C00013B7E7 /* yolov7.mlmodel */ = {isa = PBXFileReference; lastKnownFileType = file.mlmodel; name = yolov7.mlmodel; path = ../../../../../../../../Downloads/yolov7.mlmodel; sourceTree = "<group>"; };
		4D94E904292E371C00867289 /* PhotoSelectorVC.swift */ = {isa = PBXFileReference; fileEncoding = 4; lastKnownFileType = sourcecode.swift; path = PhotoSelectorVC.swift; sourceTree = "<group>"; };
		4D9ADC0628E018DB008CF9F3 /* SignInVC.swift */ = {isa = PBXFileReference; lastKnownFileType = sourcecode.swift; path = SignInVC.swift; sourceTree = "<group>"; };
		4DA65AAD28E86914002DEFE3 /* TargetType.swift */ = {isa = PBXFileReference; lastKnownFileType = sourcecode.swift; path = TargetType.swift; sourceTree = "<group>"; };
		4DA65AB228E86A7A002DEFE3 /* NetworkResult.swift */ = {isa = PBXFileReference; lastKnownFileType = sourcecode.swift; path = NetworkResult.swift; sourceTree = "<group>"; };
		4DA65AB528E86AB0002DEFE3 /* APIConstants.swift */ = {isa = PBXFileReference; lastKnownFileType = sourcecode.swift; path = APIConstants.swift; sourceTree = "<group>"; };
		4DA65AB728E86ABB002DEFE3 /* GenericResponse.swift */ = {isa = PBXFileReference; lastKnownFileType = sourcecode.swift; path = GenericResponse.swift; sourceTree = "<group>"; };
		4DA65AB928E86AC8002DEFE3 /* NetworkConstants.swift */ = {isa = PBXFileReference; lastKnownFileType = sourcecode.swift; path = NetworkConstants.swift; sourceTree = "<group>"; };
		4DA65ABC28E86B25002DEFE3 /* AuthService.swift */ = {isa = PBXFileReference; lastKnownFileType = sourcecode.swift; path = AuthService.swift; sourceTree = "<group>"; };
		4DA65ABF28E86B57002DEFE3 /* BaseAPI.swift */ = {isa = PBXFileReference; lastKnownFileType = sourcecode.swift; path = BaseAPI.swift; sourceTree = "<group>"; };
		4DA65AC128E86B6A002DEFE3 /* AuthAPI.swift */ = {isa = PBXFileReference; lastKnownFileType = sourcecode.swift; path = AuthAPI.swift; sourceTree = "<group>"; };
		4DA65AC328E86B8C002DEFE3 /* EvenLogger.swift */ = {isa = PBXFileReference; lastKnownFileType = sourcecode.swift; path = EvenLogger.swift; sourceTree = "<group>"; };
		4DA65AC628E86C46002DEFE3 /* SignInBodyModel.swift */ = {isa = PBXFileReference; lastKnownFileType = sourcecode.swift; path = SignInBodyModel.swift; sourceTree = "<group>"; };
		4DA65AC828E86CE0002DEFE3 /* SignInResponseModel.swift */ = {isa = PBXFileReference; lastKnownFileType = sourcecode.swift; path = SignInResponseModel.swift; sourceTree = "<group>"; };
		4DAA3266291E11F500400008 /* WordDetailResponseModel.swift */ = {isa = PBXFileReference; lastKnownFileType = sourcecode.swift; path = WordDetailResponseModel.swift; sourceTree = "<group>"; };
		4DAA326C292258B600400008 /* UIImageView+.swift */ = {isa = PBXFileReference; lastKnownFileType = sourcecode.swift; path = "UIImageView+.swift"; sourceTree = "<group>"; };
		4DB7B48A291BD338000485E1 /* MessageType.swift */ = {isa = PBXFileReference; lastKnownFileType = sourcecode.swift; path = MessageType.swift; sourceTree = "<group>"; };
		4DB7B48C291BD803000485E1 /* UserToken.swift */ = {isa = PBXFileReference; lastKnownFileType = sourcecode.swift; path = UserToken.swift; sourceTree = "<group>"; };
		4DB7B492291BD97F000485E1 /* SignUpBodyModel.swift */ = {isa = PBXFileReference; lastKnownFileType = sourcecode.swift; path = SignUpBodyModel.swift; sourceTree = "<group>"; };
		4DB7B494291BDA33000485E1 /* SignUpResponseModel.swift */ = {isa = PBXFileReference; lastKnownFileType = sourcecode.swift; path = SignUpResponseModel.swift; sourceTree = "<group>"; };
		4DB7B498291C08BF000485E1 /* DictionaryDetailVC.swift */ = {isa = PBXFileReference; fileEncoding = 4; lastKnownFileType = sourcecode.swift; path = DictionaryDetailVC.swift; sourceTree = "<group>"; };
		4DB7B49A291C08C6000485E1 /* DictionaryDetailCVC.swift */ = {isa = PBXFileReference; fileEncoding = 4; lastKnownFileType = sourcecode.swift; path = DictionaryDetailCVC.swift; sourceTree = "<group>"; };
		4DB7B49C291C1DED000485E1 /* WordListModel.swift */ = {isa = PBXFileReference; lastKnownFileType = sourcecode.swift; path = WordListModel.swift; sourceTree = "<group>"; };
		4DB7B49E291C1E01000485E1 /* WordListResponseModel.swift */ = {isa = PBXFileReference; lastKnownFileType = sourcecode.swift; path = WordListResponseModel.swift; sourceTree = "<group>"; };
		4DB7B4A0291C200F000485E1 /* WordAPI.swift */ = {isa = PBXFileReference; lastKnownFileType = sourcecode.swift; path = WordAPI.swift; sourceTree = "<group>"; };
		4DB7B4A2291C201B000485E1 /* WordService.swift */ = {isa = PBXFileReference; lastKnownFileType = sourcecode.swift; path = WordService.swift; sourceTree = "<group>"; };
		4DBDEC1028D4EFE2002252B3 /* FindDict.app */ = {isa = PBXFileReference; explicitFileType = wrapper.application; includeInIndex = 0; path = FindDict.app; sourceTree = BUILT_PRODUCTS_DIR; };
		4DBDEC1328D4EFE2002252B3 /* AppDelegate.swift */ = {isa = PBXFileReference; lastKnownFileType = sourcecode.swift; path = AppDelegate.swift; sourceTree = "<group>"; };
		4DBDEC1528D4EFE2002252B3 /* SceneDelegate.swift */ = {isa = PBXFileReference; lastKnownFileType = sourcecode.swift; path = SceneDelegate.swift; sourceTree = "<group>"; };
		4DBDEC1728D4EFE2002252B3 /* ViewController.swift */ = {isa = PBXFileReference; lastKnownFileType = sourcecode.swift; path = ViewController.swift; sourceTree = "<group>"; };
		4DBDEC1A28D4EFE2002252B3 /* Base */ = {isa = PBXFileReference; lastKnownFileType = file.storyboard; name = Base; path = Base.lproj/Main.storyboard; sourceTree = "<group>"; };
		4DBDEC1C28D4EFE3002252B3 /* Assets.xcassets */ = {isa = PBXFileReference; lastKnownFileType = folder.assetcatalog; path = Assets.xcassets; sourceTree = "<group>"; };
		4DBDEC1F28D4EFE3002252B3 /* Base */ = {isa = PBXFileReference; lastKnownFileType = file.storyboard; name = Base; path = Base.lproj/LaunchScreen.storyboard; sourceTree = "<group>"; };
		4DBDEC2128D4EFE3002252B3 /* Info.plist */ = {isa = PBXFileReference; lastKnownFileType = text.plist.xml; path = Info.plist; sourceTree = "<group>"; };
		4DBDEC2B28D4F169002252B3 /* BaseVC.swift */ = {isa = PBXFileReference; lastKnownFileType = sourcecode.swift; path = BaseVC.swift; sourceTree = "<group>"; };
		4DBDEC2E28D4F2B3002252B3 /* UIViewController+.swift */ = {isa = PBXFileReference; lastKnownFileType = sourcecode.swift; path = "UIViewController+.swift"; sourceTree = "<group>"; };
		4DBDEC3128D4F308002252B3 /* Colorsets.xcassets */ = {isa = PBXFileReference; lastKnownFileType = folder.assetcatalog; path = Colorsets.xcassets; sourceTree = "<group>"; };
		4DEE7165290F53EE000C5D9A /* WordDictionary.swift */ = {isa = PBXFileReference; lastKnownFileType = sourcecode.swift; path = WordDictionary.swift; sourceTree = "<group>"; };
		4DF76EB7290A61FF00AA79D2 /* GameResultButton.swift */ = {isa = PBXFileReference; fileEncoding = 4; lastKnownFileType = sourcecode.swift; path = GameResultButton.swift; sourceTree = "<group>"; };
		4DF76EBB290A680F00AA79D2 /* TargetListComponentView.swift */ = {isa = PBXFileReference; lastKnownFileType = sourcecode.swift; path = TargetListComponentView.swift; sourceTree = "<group>"; };
		F82979B628ED5C030031BBC3 /* ModalBaseVC.swift */ = {isa = PBXFileReference; lastKnownFileType = sourcecode.swift; path = ModalBaseVC.swift; sourceTree = "<group>"; };
		F82979BE28EEB2220031BBC3 /* GameResultSuccessVC.swift */ = {isa = PBXFileReference; lastKnownFileType = sourcecode.swift; path = GameResultSuccessVC.swift; sourceTree = "<group>"; };
		F82979C028EEC3A40031BBC3 /* GameResultFailVC.swift */ = {isa = PBXFileReference; lastKnownFileType = sourcecode.swift; path = GameResultFailVC.swift; sourceTree = "<group>"; };
		F8560AC128EEF11B00C52203 /* GameTutorialVC.swift */ = {isa = PBXFileReference; lastKnownFileType = sourcecode.swift; path = GameTutorialVC.swift; sourceTree = "<group>"; };
		F8560AC328EEF16200C52203 /* GameTutorialCVC.swift */ = {isa = PBXFileReference; lastKnownFileType = sourcecode.swift; path = GameTutorialCVC.swift; sourceTree = "<group>"; };
		F8560AC528EEF17800C52203 /* GameTutorialCVCModel.swift */ = {isa = PBXFileReference; lastKnownFileType = sourcecode.swift; path = GameTutorialCVCModel.swift; sourceTree = "<group>"; };
		F860B79C28E6CFBC0032A39B /* DictionaryVC.swift */ = {isa = PBXFileReference; lastKnownFileType = sourcecode.swift; path = DictionaryVC.swift; sourceTree = "<group>"; };
		F860B79E28E7D0AB0032A39B /* DictionaryTVC.swift */ = {isa = PBXFileReference; lastKnownFileType = sourcecode.swift; path = DictionaryTVC.swift; sourceTree = "<group>"; };
		F860B7A028E832DB0032A39B /* UITableViewCell+.swift */ = {isa = PBXFileReference; lastKnownFileType = sourcecode.swift; path = "UITableViewCell+.swift"; sourceTree = "<group>"; };
		F860B7A228E835860032A39B /* DictionaryCard.swift */ = {isa = PBXFileReference; lastKnownFileType = sourcecode.swift; path = DictionaryCard.swift; sourceTree = "<group>"; };
		F8823AA028DFE99200798374 /* SignUpVC.swift */ = {isa = PBXFileReference; lastKnownFileType = sourcecode.swift; path = SignUpVC.swift; sourceTree = "<group>"; };
		F8823AA228E022CC00798374 /* UITextField+.swift */ = {isa = PBXFileReference; lastKnownFileType = sourcecode.swift; path = "UITextField+.swift"; sourceTree = "<group>"; };
		F8823AA628E5740F00798374 /* MainVC.swift */ = {isa = PBXFileReference; lastKnownFileType = sourcecode.swift; path = MainVC.swift; sourceTree = "<group>"; };
		F8823AA828E575D300798374 /* MainButton.swift */ = {isa = PBXFileReference; lastKnownFileType = sourcecode.swift; path = MainButton.swift; sourceTree = "<group>"; };
		F8D9DAD0291B869200AAA355 /* Reusable.swift */ = {isa = PBXFileReference; lastKnownFileType = sourcecode.swift; path = Reusable.swift; sourceTree = "<group>"; };
		F8DB7A5928DB1D3100EE3D66 /* BeforeSignInVC.swift */ = {isa = PBXFileReference; lastKnownFileType = sourcecode.swift; path = BeforeSignInVC.swift; sourceTree = "<group>"; };
		F8DB7A5B28DB1FA700EE3D66 /* UIView+.swift */ = {isa = PBXFileReference; lastKnownFileType = sourcecode.swift; path = "UIView+.swift"; sourceTree = "<group>"; };
		F8DB7A5D28DB29F700EE3D66 /* UIColor+.swift */ = {isa = PBXFileReference; lastKnownFileType = sourcecode.swift; path = "UIColor+.swift"; sourceTree = "<group>"; };
		F8DB7A5F28DB2E8600EE3D66 /* AuthBaseVC.swift */ = {isa = PBXFileReference; lastKnownFileType = sourcecode.swift; path = AuthBaseVC.swift; sourceTree = "<group>"; };
		F8E32BB3290FCAB9009B0749 /* HintModalVC.swift */ = {isa = PBXFileReference; lastKnownFileType = sourcecode.swift; path = HintModalVC.swift; sourceTree = "<group>"; };
		F8E32BB5290FCBB2009B0749 /* GameResultButton.swift */ = {isa = PBXFileReference; fileEncoding = 4; lastKnownFileType = sourcecode.swift; path = GameResultButton.swift; sourceTree = "<group>"; };
/* End PBXFileReference section */

/* Begin PBXFrameworksBuildPhase section */
		4DBDEC0D28D4EFE2002252B3 /* Frameworks */ = {
			isa = PBXFrameworksBuildPhase;
			buildActionMask = 2147483647;
			files = (
				4DA65AB128E86A55002DEFE3 /* Alamofire in Frameworks */,
				4D53A66A28DAF9C0000E2AA2 /* SnapKit in Frameworks */,
				4D53A66D28DAF9C8000E2AA2 /* Then in Frameworks */,
			);
			runOnlyForDeploymentPostprocessing = 0;
		};
/* End PBXFrameworksBuildPhase section */

/* Begin PBXGroup section */
		4D14BD6628E1B677002B2165 /* Auth */ = {
			isa = PBXGroup;
			children = (
				F8DB7A5928DB1D3100EE3D66 /* BeforeSignInVC.swift */,
				4D9ADC0628E018DB008CF9F3 /* SignInVC.swift */,
				F8823AA028DFE99200798374 /* SignUpVC.swift */,
			);
			path = Auth;
			sourceTree = "<group>";
		};
		4D14BD6D28E20653002B2165 /* Game */ = {
			isa = PBXGroup;
			children = (
				4D0B1E1328E5AA2C007F16DB /* yolov5m.mlmodel */,
				4D8E9F3228F001C00013B7E7 /* yolov7.mlmodel */,
				4D94E904292E371C00867289 /* PhotoSelectorVC.swift */,
				4D36F9AE293138480054078B /* ObjectDetector.swift */,
				4D14BD6E28E2068B002B2165 /* PhotoReselectModalVC.swift */,
				4D0B1E1128E5A9A4007F16DB /* GameVC.swift */,
				4DF76EBB290A680F00AA79D2 /* TargetListComponentView.swift */,
				4D6943E32914F11300974B71 /* GuessedRightWordVC.swift */,
				F82979BD28EEB1ED0031BBC3 /* GameResultModal */,
				F8E32BB3290FCAB9009B0749 /* HintModalVC.swift */,
			);
			path = Game;
			sourceTree = "<group>";
		};
		4D85DFC82941BC060016ABF9 /* Sound */ = {
			isa = PBXGroup;
			children = (
				4D85DFCA2941BC170016ABF9 /* CorrectAnswer.wav */,
				4D85DFCD2941BC950016ABF9 /* WrongAnswer.wav */,
				4D85DFC92941BC170016ABF9 /* GameClear.wav */,
			);
			path = Sound;
			sourceTree = "<group>";
		};
		4DA65AAC28E86908002DEFE3 /* Bases */ = {
			isa = PBXGroup;
			children = (
				4DA65AAD28E86914002DEFE3 /* TargetType.swift */,
				4DA65AB228E86A7A002DEFE3 /* NetworkResult.swift */,
			);
			path = Bases;
			sourceTree = "<group>";
		};
		4DA65AB428E86A9E002DEFE3 /* APIEssentials */ = {
			isa = PBXGroup;
			children = (
				4DA65AB528E86AB0002DEFE3 /* APIConstants.swift */,
				4DA65AB728E86ABB002DEFE3 /* GenericResponse.swift */,
				4DA65AB928E86AC8002DEFE3 /* NetworkConstants.swift */,
			);
			path = APIEssentials;
			sourceTree = "<group>";
		};
		4DA65ABB28E86AF4002DEFE3 /* Services */ = {
			isa = PBXGroup;
			children = (
				4DA65ABC28E86B25002DEFE3 /* AuthService.swift */,
				4DB7B4A2291C201B000485E1 /* WordService.swift */,
			);
			path = Services;
			sourceTree = "<group>";
		};
		4DA65ABE28E86B41002DEFE3 /* APIManagers */ = {
			isa = PBXGroup;
			children = (
				4DA65ABF28E86B57002DEFE3 /* BaseAPI.swift */,
				4DA65AC128E86B6A002DEFE3 /* AuthAPI.swift */,
				4DB7B4A0291C200F000485E1 /* WordAPI.swift */,
			);
			path = APIManagers;
			sourceTree = "<group>";
		};
		4DA65AC528E86C1F002DEFE3 /* Model */ = {
			isa = PBXGroup;
			children = (
				4DA65AC628E86C46002DEFE3 /* SignInBodyModel.swift */,
				4DAA3266291E11F500400008 /* WordDetailResponseModel.swift */,
				4DB7B492291BD97F000485E1 /* SignUpBodyModel.swift */,
				4DA65AC828E86CE0002DEFE3 /* SignInResponseModel.swift */,
				4DB7B494291BDA33000485E1 /* SignUpResponseModel.swift */,
				4D2FC6D8292264EE00FAB324 /* CreateWordBodyModel.swift */,
				4D2FC6DA292264F400FAB324 /* CreateWordResponseModel.swift */,
				4D2FC6DC29226A4500FAB324 /* HintResponseModel.swift */,
				4DB7B49C291C1DED000485E1 /* WordListModel.swift */,
				4DB7B49E291C1E01000485E1 /* WordListResponseModel.swift */,
			);
			path = Model;
			sourceTree = "<group>";
		};
		4DBDEC0728D4EFE2002252B3 = {
			isa = PBXGroup;
			children = (
				4DBDEC1228D4EFE2002252B3 /* FindDict */,
				4DBDEC1128D4EFE2002252B3 /* Products */,
			);
			sourceTree = "<group>";
		};
		4DBDEC1128D4EFE2002252B3 /* Products */ = {
			isa = PBXGroup;
			children = (
				4DBDEC1028D4EFE2002252B3 /* FindDict.app */,
			);
			name = Products;
			sourceTree = "<group>";
		};
		4DBDEC1228D4EFE2002252B3 /* FindDict */ = {
			isa = PBXGroup;
			children = (
				F8560AC728EEF3D500C52203 /* Protocols */,
				4DBDEC2128D4EFE3002252B3 /* Info.plist */,
				4DA65AC528E86C1F002DEFE3 /* Model */,
				4DBDEC2728D4F020002252B3 /* Application */,
				4DBDEC3628D4F393002252B3 /* Network */,
				4DBDEC2828D4F028002252B3 /* Global */,
				4DBDEC2928D4F03F002252B3 /* Resources */,
				4DBDEC2A28D4F046002252B3 /* Sources */,
			);
			path = FindDict;
			sourceTree = "<group>";
		};
		4DBDEC2728D4F020002252B3 /* Application */ = {
			isa = PBXGroup;
			children = (
				4DBDEC1328D4EFE2002252B3 /* AppDelegate.swift */,
				4DBDEC1528D4EFE2002252B3 /* SceneDelegate.swift */,
			);
			path = Application;
			sourceTree = "<group>";
		};
		4DBDEC2828D4F028002252B3 /* Global */ = {
			isa = PBXGroup;
			children = (
				4DBDEC3028D4F2C3002252B3 /* Base */,
				4DBDEC2D28D4F1D9002252B3 /* Extensions */,
				4DB7B48A291BD338000485E1 /* MessageType.swift */,
				4DB7B48C291BD803000485E1 /* UserToken.swift */,
			);
			path = Global;
			sourceTree = "<group>";
		};
		4DBDEC2928D4F03F002252B3 /* Resources */ = {
			isa = PBXGroup;
			children = (
				4D85DFC82941BC060016ABF9 /* Sound */,
				4DBDEC3328D4F32F002252B3 /* Fonts */,
				4DBDEC1C28D4EFE3002252B3 /* Assets.xcassets */,
				4DBDEC3128D4F308002252B3 /* Colorsets.xcassets */,
				4DEE7165290F53EE000C5D9A /* WordDictionary.swift */,
			);
			path = Resources;
			sourceTree = "<group>";
		};
		4DBDEC2A28D4F046002252B3 /* Sources */ = {
			isa = PBXGroup;
			children = (
				4DBDEC3428D4F351002252B3 /* Components */,
				4DBDEC3528D4F35D002252B3 /* Scences */,
			);
			path = Sources;
			sourceTree = "<group>";
		};
		4DBDEC2D28D4F1D9002252B3 /* Extensions */ = {
			isa = PBXGroup;
			children = (
				4DBDEC2E28D4F2B3002252B3 /* UIViewController+.swift */,
				F8DB7A5B28DB1FA700EE3D66 /* UIView+.swift */,
				F8DB7A5D28DB29F700EE3D66 /* UIColor+.swift */,
				F8823AA228E022CC00798374 /* UITextField+.swift */,
				4D14BD6728E1B924002B2165 /* UIButton+.swift */,
				4D14BD7628E20B8D002B2165 /* UIFont+.swift */,
				4D19F2FD2922579A002696D4 /* UIImageView+.swift */,
				4D0B1E1528E5B213007F16DB /* UIImage+.swift */,
				F860B7A028E832DB0032A39B /* UITableViewCell+.swift */,
				4DAA326C292258B600400008 /* UIImageView+.swift */,
				4D2A6E6129376F5B00B53C7A /* UIStackView+.swift */,
			);
			path = Extensions;
			sourceTree = "<group>";
		};
		4DBDEC3028D4F2C3002252B3 /* Base */ = {
			isa = PBXGroup;
			children = (
				4DBDEC2B28D4F169002252B3 /* BaseVC.swift */,
				F8DB7A5F28DB2E8600EE3D66 /* AuthBaseVC.swift */,
				F82979B628ED5C030031BBC3 /* ModalBaseVC.swift */,
			);
			path = Base;
			sourceTree = "<group>";
		};
		4DBDEC3328D4F32F002252B3 /* Fonts */ = {
			isa = PBXGroup;
			children = (
				4D14BD7328E20A8C002B2165 /* NotoSans-Bold.ttf */,
				4D14BD7428E20A8C002B2165 /* NotoSans-Medium.ttf */,
				4D14BD7228E20A8C002B2165 /* NotoSans-Regular.ttf */,
				4D14BD7528E20A8C002B2165 /* NotoSans-SemiBold.ttf */,
			);
			path = Fonts;
			sourceTree = "<group>";
		};
		4DBDEC3428D4F351002252B3 /* Components */ = {
			isa = PBXGroup;
			children = (
				F8823AA828E575D300798374 /* MainButton.swift */,
				F8E32BB5290FCBB2009B0749 /* GameResultButton.swift */,
				4D14BD6928E1C0F9002B2165 /* TextField.swift */,
				4DF76EB7290A61FF00AA79D2 /* GameResultButton.swift */,
				4D14BD7028E206BA002B2165 /* PhotoSelectorButton.swift */,
				4D6943E5291518EF00974B71 /* SpeechButton.swift */,
				4D85DFC62940708A0016ABF9 /* DefaultNavigationBar.swift */,
			);
			path = Components;
			sourceTree = "<group>";
		};
		4DBDEC3528D4F35D002252B3 /* Scences */ = {
			isa = PBXGroup;
			children = (
				F8D68A792915334D0032F04B /* Tutorial */,
				F860B79B28E6CF870032A39B /* Dictionary */,
				4D14BD6D28E20653002B2165 /* Game */,
				F8823AAA28E590E400798374 /* Main */,
				4D14BD6628E1B677002B2165 /* Auth */,
				4DBDEC1728D4EFE2002252B3 /* ViewController.swift */,
				4DBDEC1928D4EFE2002252B3 /* Main.storyboard */,
				4DBDEC1E28D4EFE3002252B3 /* LaunchScreen.storyboard */,
			);
			path = Scences;
			sourceTree = "<group>";
		};
		4DBDEC3628D4F393002252B3 /* Network */ = {
			isa = PBXGroup;
			children = (
				4DA65ABE28E86B41002DEFE3 /* APIManagers */,
				4DA65AAC28E86908002DEFE3 /* Bases */,
				4DA65AB428E86A9E002DEFE3 /* APIEssentials */,
				4DA65ABB28E86AF4002DEFE3 /* Services */,
				4DA65AC328E86B8C002DEFE3 /* EvenLogger.swift */,
			);
			path = Network;
			sourceTree = "<group>";
		};
		F82979BD28EEB1ED0031BBC3 /* GameResultModal */ = {
			isa = PBXGroup;
			children = (
				F82979BE28EEB2220031BBC3 /* GameResultSuccessVC.swift */,
				F82979C028EEC3A40031BBC3 /* GameResultFailVC.swift */,
			);
			path = GameResultModal;
			sourceTree = "<group>";
		};
		F8560AC728EEF3D500C52203 /* Protocols */ = {
			isa = PBXGroup;
			children = (
				F8D9DAD0291B869200AAA355 /* Reusable.swift */,
			);
			path = Protocols;
			sourceTree = "<group>";
		};
		F860B79B28E6CF870032A39B /* Dictionary */ = {
			isa = PBXGroup;
			children = (
				4DB7B49A291C08C6000485E1 /* DictionaryDetailCVC.swift */,
				4DB7B498291C08BF000485E1 /* DictionaryDetailVC.swift */,
				F860B79C28E6CFBC0032A39B /* DictionaryVC.swift */,
				F860B79E28E7D0AB0032A39B /* DictionaryTVC.swift */,
				F860B7A228E835860032A39B /* DictionaryCard.swift */,
			);
			path = Dictionary;
			sourceTree = "<group>";
		};
		F8823AAA28E590E400798374 /* Main */ = {
			isa = PBXGroup;
			children = (
				F8823AA628E5740F00798374 /* MainVC.swift */,
			);
			path = Main;
			sourceTree = "<group>";
		};
		F8D68A792915334D0032F04B /* Tutorial */ = {
			isa = PBXGroup;
			children = (
				F8560AC128EEF11B00C52203 /* GameTutorialVC.swift */,
				F8560AC328EEF16200C52203 /* GameTutorialCVC.swift */,
				F8560AC528EEF17800C52203 /* GameTutorialCVCModel.swift */,
			);
			path = Tutorial;
			sourceTree = "<group>";
		};
/* End PBXGroup section */

/* Begin PBXNativeTarget section */
		4DBDEC0F28D4EFE2002252B3 /* FindDict */ = {
			isa = PBXNativeTarget;
			buildConfigurationList = 4DBDEC2428D4EFE3002252B3 /* Build configuration list for PBXNativeTarget "FindDict" */;
			buildPhases = (
				4DBDEC0C28D4EFE2002252B3 /* Sources */,
				4DBDEC0D28D4EFE2002252B3 /* Frameworks */,
				4DBDEC0E28D4EFE2002252B3 /* Resources */,
			);
			buildRules = (
			);
			dependencies = (
			);
			name = FindDict;
			packageProductDependencies = (
				4D53A66928DAF9C0000E2AA2 /* SnapKit */,
				4D53A66C28DAF9C8000E2AA2 /* Then */,
				4DA65AB028E86A55002DEFE3 /* Alamofire */,
			);
			productName = FindDict;
			productReference = 4DBDEC1028D4EFE2002252B3 /* FindDict.app */;
			productType = "com.apple.product-type.application";
		};
/* End PBXNativeTarget section */

/* Begin PBXProject section */
		4DBDEC0828D4EFE2002252B3 /* Project object */ = {
			isa = PBXProject;
			attributes = {
				BuildIndependentTargetsInParallel = 1;
				LastSwiftUpdateCheck = 1400;
				LastUpgradeCheck = 1400;
				TargetAttributes = {
					4DBDEC0F28D4EFE2002252B3 = {
						CreatedOnToolsVersion = 14.0;
					};
				};
			};
			buildConfigurationList = 4DBDEC0B28D4EFE2002252B3 /* Build configuration list for PBXProject "FindDict" */;
			compatibilityVersion = "Xcode 13.0";
			developmentRegion = en;
			hasScannedForEncodings = 0;
			knownRegions = (
				en,
				Base,
			);
			mainGroup = 4DBDEC0728D4EFE2002252B3;
			packageReferences = (
				4D53A66828DAF9C0000E2AA2 /* XCRemoteSwiftPackageReference "SnapKit" */,
				4D53A66B28DAF9C8000E2AA2 /* XCRemoteSwiftPackageReference "Then" */,
				4DA65AAF28E86A55002DEFE3 /* XCRemoteSwiftPackageReference "Alamofire" */,
			);
			productRefGroup = 4DBDEC1128D4EFE2002252B3 /* Products */;
			projectDirPath = "";
			projectRoot = "";
			targets = (
				4DBDEC0F28D4EFE2002252B3 /* FindDict */,
			);
		};
/* End PBXProject section */

/* Begin PBXResourcesBuildPhase section */
		4DBDEC0E28D4EFE2002252B3 /* Resources */ = {
			isa = PBXResourcesBuildPhase;
			buildActionMask = 2147483647;
			files = (
				4D0B1E1028E59178007F16DB /* NotoSans-Bold.ttf in Resources */,
				4DBDEC3228D4F308002252B3 /* Colorsets.xcassets in Resources */,
				4DBDEC2028D4EFE3002252B3 /* LaunchScreen.storyboard in Resources */,
				4D14BD7A28E20CA6002B2165 /* NotoSans-SemiBold.ttf in Resources */,
				4D14BD7928E20CA4002B2165 /* NotoSans-Medium.ttf in Resources */,
				4D14BD7B28E20CA8002B2165 /* NotoSans-Regular.ttf in Resources */,
				4DBDEC1D28D4EFE3002252B3 /* Assets.xcassets in Resources */,
				4D85DFCC2941BC170016ABF9 /* CorrectAnswer.wav in Resources */,
				4D85DFCB2941BC170016ABF9 /* GameClear.wav in Resources */,
				4DBDEC1B28D4EFE2002252B3 /* Main.storyboard in Resources */,
				4D85DFCE2941BC950016ABF9 /* WrongAnswer.wav in Resources */,
			);
			runOnlyForDeploymentPostprocessing = 0;
		};
/* End PBXResourcesBuildPhase section */

/* Begin PBXSourcesBuildPhase section */
		4DBDEC0C28D4EFE2002252B3 /* Sources */ = {
			isa = PBXSourcesBuildPhase;
			buildActionMask = 2147483647;
			files = (
				4D0B1E1428E5AA2C007F16DB /* yolov5m.mlmodel in Sources */,
				4DF76EBC290A680F00AA79D2 /* TargetListComponentView.swift in Sources */,
				4D0B1E1628E5B213007F16DB /* UIImage+.swift in Sources */,
				4DB7B49D291C1DED000485E1 /* WordListModel.swift in Sources */,
				4D8E9F3328F001C00013B7E7 /* yolov7.mlmodel in Sources */,
				4D2FC6DD29226A4500FAB324 /* HintResponseModel.swift in Sources */,
				4DBDEC1828D4EFE2002252B3 /* ViewController.swift in Sources */,
				4D2A6E6229376F5B00B53C7A /* UIStackView+.swift in Sources */,
				4DB7B493291BD97F000485E1 /* SignUpBodyModel.swift in Sources */,
				4D2FC6D9292264EE00FAB324 /* CreateWordBodyModel.swift in Sources */,
				4D14BD7728E20B8D002B2165 /* UIFont+.swift in Sources */,
				4DB7B49F291C1E01000485E1 /* WordListResponseModel.swift in Sources */,
				4DA65ABA28E86AC8002DEFE3 /* NetworkConstants.swift in Sources */,
				4DB7B48B291BD338000485E1 /* MessageType.swift in Sources */,
				4D36F9AF293138480054078B /* ObjectDetector.swift in Sources */,
				F8DB7A5E28DB29F700EE3D66 /* UIColor+.swift in Sources */,
				F8560AC228EEF11B00C52203 /* GameTutorialVC.swift in Sources */,
				4DAA3267291E11F500400008 /* WordDetailResponseModel.swift in Sources */,
				F82979C128EEC3A40031BBC3 /* GameResultFailVC.swift in Sources */,
				F8823AA728E5740F00798374 /* MainVC.swift in Sources */,
				F860B7A328E835860032A39B /* DictionaryCard.swift in Sources */,
				4D19F2FE2922579B002696D4 /* UIImageView+.swift in Sources */,
				F8E32BB4290FCAB9009B0749 /* HintModalVC.swift in Sources */,
				4DBDEC1428D4EFE2002252B3 /* AppDelegate.swift in Sources */,
				4DF76EB8290A61FF00AA79D2 /* GameResultButton.swift in Sources */,
				4D85DFC72940708A0016ABF9 /* DefaultNavigationBar.swift in Sources */,
				4D14BD6A28E1C0F9002B2165 /* TextField.swift in Sources */,
				F8DB7A6028DB2E8600EE3D66 /* AuthBaseVC.swift in Sources */,
				4D2FC6DB292264F400FAB324 /* CreateWordResponseModel.swift in Sources */,
				4DA65AB828E86ABB002DEFE3 /* GenericResponse.swift in Sources */,
				4D6943E6291518EF00974B71 /* SpeechButton.swift in Sources */,
				4D0B1E1228E5A9A4007F16DB /* GameVC.swift in Sources */,
				F8DB7A5C28DB1FA700EE3D66 /* UIView+.swift in Sources */,
				4D14BD6F28E2068B002B2165 /* PhotoReselectModalVC.swift in Sources */,
				F860B79F28E7D0AB0032A39B /* DictionaryTVC.swift in Sources */,
				F8DB7A5C28DB1FA700EE3D66 /* UIView+.swift in Sources */,
				F82979BF28EEB2220031BBC3 /* GameResultSuccessVC.swift in Sources */,
				4DB7B495291BDA33000485E1 /* SignUpResponseModel.swift in Sources */,
				4DB7B48D291BD803000485E1 /* UserToken.swift in Sources */,
				4DB7B4A3291C201B000485E1 /* WordService.swift in Sources */,
				F8DB7A5A28DB1D3100EE3D66 /* BeforeSignInVC.swift in Sources */,
				4DB7B49B291C08C6000485E1 /* DictionaryDetailCVC.swift in Sources */,
				4DBDEC2F28D4F2B3002252B3 /* UIViewController+.swift in Sources */,
				F8560AC628EEF17800C52203 /* GameTutorialCVCModel.swift in Sources */,
				4DA65AC728E86C46002DEFE3 /* SignInBodyModel.swift in Sources */,
				4DAA326D292258B600400008 /* UIImageView+.swift in Sources */,
				F82979B728ED5C030031BBC3 /* ModalBaseVC.swift in Sources */,
				4DB7B499291C08BF000485E1 /* DictionaryDetailVC.swift in Sources */,
				4D94E905292E371C00867289 /* PhotoSelectorVC.swift in Sources */,
				F8E32BB6290FCBB2009B0749 /* GameResultButton.swift in Sources */,
				4DEE7166290F53EE000C5D9A /* WordDictionary.swift in Sources */,
				4D14BD6828E1B924002B2165 /* UIButton+.swift in Sources */,
				F860B7A128E832DB0032A39B /* UITableViewCell+.swift in Sources */,
				4DBDEC1628D4EFE2002252B3 /* SceneDelegate.swift in Sources */,
				4DA65AAE28E86914002DEFE3 /* TargetType.swift in Sources */,
				4D14BD7128E206BA002B2165 /* PhotoSelectorButton.swift in Sources */,
				4DA65ABD28E86B25002DEFE3 /* AuthService.swift in Sources */,
				F8823AA128DFE99200798374 /* SignUpVC.swift in Sources */,
				F8560AC428EEF16200C52203 /* GameTutorialCVC.swift in Sources */,
				F8823AA928E575D300798374 /* MainButton.swift in Sources */,
				F860B79D28E6CFBC0032A39B /* DictionaryVC.swift in Sources */,
				4D6943E42914F11300974B71 /* GuessedRightWordVC.swift in Sources */,
				4D9ADC0728E018DB008CF9F3 /* SignInVC.swift in Sources */,
				4DA65AC228E86B6B002DEFE3 /* AuthAPI.swift in Sources */,
				4DA65AB628E86AB0002DEFE3 /* APIConstants.swift in Sources */,
				4DBDEC2C28D4F169002252B3 /* BaseVC.swift in Sources */,
				4DA65AC028E86B57002DEFE3 /* BaseAPI.swift in Sources */,
				F8823AA328E022CC00798374 /* UITextField+.swift in Sources */,
				4DA65AB328E86A7A002DEFE3 /* NetworkResult.swift in Sources */,
				4DA65AC428E86B8C002DEFE3 /* EvenLogger.swift in Sources */,
				4DB7B4A1291C200F000485E1 /* WordAPI.swift in Sources */,
				4DA65AC928E86CE0002DEFE3 /* SignInResponseModel.swift in Sources */,
			);
			runOnlyForDeploymentPostprocessing = 0;
		};
/* End PBXSourcesBuildPhase section */

/* Begin PBXVariantGroup section */
		4DBDEC1928D4EFE2002252B3 /* Main.storyboard */ = {
			isa = PBXVariantGroup;
			children = (
				4DBDEC1A28D4EFE2002252B3 /* Base */,
			);
			name = Main.storyboard;
			sourceTree = "<group>";
		};
		4DBDEC1E28D4EFE3002252B3 /* LaunchScreen.storyboard */ = {
			isa = PBXVariantGroup;
			children = (
				4DBDEC1F28D4EFE3002252B3 /* Base */,
			);
			name = LaunchScreen.storyboard;
			sourceTree = "<group>";
		};
/* End PBXVariantGroup section */

/* Begin XCBuildConfiguration section */
		4DBDEC2228D4EFE3002252B3 /* Debug */ = {
			isa = XCBuildConfiguration;
			buildSettings = {
				ALWAYS_SEARCH_USER_PATHS = NO;
				CLANG_ANALYZER_NONNULL = YES;
				CLANG_ANALYZER_NUMBER_OBJECT_CONVERSION = YES_AGGRESSIVE;
				CLANG_CXX_LANGUAGE_STANDARD = "gnu++20";
				CLANG_ENABLE_MODULES = YES;
				CLANG_ENABLE_OBJC_ARC = YES;
				CLANG_ENABLE_OBJC_WEAK = YES;
				CLANG_WARN_BLOCK_CAPTURE_AUTORELEASING = YES;
				CLANG_WARN_BOOL_CONVERSION = YES;
				CLANG_WARN_COMMA = YES;
				CLANG_WARN_CONSTANT_CONVERSION = YES;
				CLANG_WARN_DEPRECATED_OBJC_IMPLEMENTATIONS = YES;
				CLANG_WARN_DIRECT_OBJC_ISA_USAGE = YES_ERROR;
				CLANG_WARN_DOCUMENTATION_COMMENTS = YES;
				CLANG_WARN_EMPTY_BODY = YES;
				CLANG_WARN_ENUM_CONVERSION = YES;
				CLANG_WARN_INFINITE_RECURSION = YES;
				CLANG_WARN_INT_CONVERSION = YES;
				CLANG_WARN_NON_LITERAL_NULL_CONVERSION = YES;
				CLANG_WARN_OBJC_IMPLICIT_RETAIN_SELF = YES;
				CLANG_WARN_OBJC_LITERAL_CONVERSION = YES;
				CLANG_WARN_OBJC_ROOT_CLASS = YES_ERROR;
				CLANG_WARN_QUOTED_INCLUDE_IN_FRAMEWORK_HEADER = YES;
				CLANG_WARN_RANGE_LOOP_ANALYSIS = YES;
				CLANG_WARN_STRICT_PROTOTYPES = YES;
				CLANG_WARN_SUSPICIOUS_MOVE = YES;
				CLANG_WARN_UNGUARDED_AVAILABILITY = YES_AGGRESSIVE;
				CLANG_WARN_UNREACHABLE_CODE = YES;
				CLANG_WARN__DUPLICATE_METHOD_MATCH = YES;
				COPY_PHASE_STRIP = NO;
				DEBUG_INFORMATION_FORMAT = dwarf;
				ENABLE_STRICT_OBJC_MSGSEND = YES;
				ENABLE_TESTABILITY = YES;
				GCC_C_LANGUAGE_STANDARD = gnu11;
				GCC_DYNAMIC_NO_PIC = NO;
				GCC_NO_COMMON_BLOCKS = YES;
				GCC_OPTIMIZATION_LEVEL = 0;
				GCC_PREPROCESSOR_DEFINITIONS = (
					"DEBUG=1",
					"$(inherited)",
				);
				GCC_WARN_64_TO_32_BIT_CONVERSION = YES;
				GCC_WARN_ABOUT_RETURN_TYPE = YES_ERROR;
				GCC_WARN_UNDECLARED_SELECTOR = YES;
				GCC_WARN_UNINITIALIZED_AUTOS = YES_AGGRESSIVE;
				GCC_WARN_UNUSED_FUNCTION = YES;
				GCC_WARN_UNUSED_VARIABLE = YES;
				IPHONEOS_DEPLOYMENT_TARGET = 16.0;
				MTL_ENABLE_DEBUG_INFO = INCLUDE_SOURCE;
				MTL_FAST_MATH = YES;
				ONLY_ACTIVE_ARCH = YES;
				SDKROOT = iphoneos;
				SWIFT_ACTIVE_COMPILATION_CONDITIONS = DEBUG;
				SWIFT_OPTIMIZATION_LEVEL = "-Onone";
			};
			name = Debug;
		};
		4DBDEC2328D4EFE3002252B3 /* Release */ = {
			isa = XCBuildConfiguration;
			buildSettings = {
				ALWAYS_SEARCH_USER_PATHS = NO;
				CLANG_ANALYZER_NONNULL = YES;
				CLANG_ANALYZER_NUMBER_OBJECT_CONVERSION = YES_AGGRESSIVE;
				CLANG_CXX_LANGUAGE_STANDARD = "gnu++20";
				CLANG_ENABLE_MODULES = YES;
				CLANG_ENABLE_OBJC_ARC = YES;
				CLANG_ENABLE_OBJC_WEAK = YES;
				CLANG_WARN_BLOCK_CAPTURE_AUTORELEASING = YES;
				CLANG_WARN_BOOL_CONVERSION = YES;
				CLANG_WARN_COMMA = YES;
				CLANG_WARN_CONSTANT_CONVERSION = YES;
				CLANG_WARN_DEPRECATED_OBJC_IMPLEMENTATIONS = YES;
				CLANG_WARN_DIRECT_OBJC_ISA_USAGE = YES_ERROR;
				CLANG_WARN_DOCUMENTATION_COMMENTS = YES;
				CLANG_WARN_EMPTY_BODY = YES;
				CLANG_WARN_ENUM_CONVERSION = YES;
				CLANG_WARN_INFINITE_RECURSION = YES;
				CLANG_WARN_INT_CONVERSION = YES;
				CLANG_WARN_NON_LITERAL_NULL_CONVERSION = YES;
				CLANG_WARN_OBJC_IMPLICIT_RETAIN_SELF = YES;
				CLANG_WARN_OBJC_LITERAL_CONVERSION = YES;
				CLANG_WARN_OBJC_ROOT_CLASS = YES_ERROR;
				CLANG_WARN_QUOTED_INCLUDE_IN_FRAMEWORK_HEADER = YES;
				CLANG_WARN_RANGE_LOOP_ANALYSIS = YES;
				CLANG_WARN_STRICT_PROTOTYPES = YES;
				CLANG_WARN_SUSPICIOUS_MOVE = YES;
				CLANG_WARN_UNGUARDED_AVAILABILITY = YES_AGGRESSIVE;
				CLANG_WARN_UNREACHABLE_CODE = YES;
				CLANG_WARN__DUPLICATE_METHOD_MATCH = YES;
				COPY_PHASE_STRIP = NO;
				DEBUG_INFORMATION_FORMAT = "dwarf-with-dsym";
				ENABLE_NS_ASSERTIONS = NO;
				ENABLE_STRICT_OBJC_MSGSEND = YES;
				GCC_C_LANGUAGE_STANDARD = gnu11;
				GCC_NO_COMMON_BLOCKS = YES;
				GCC_WARN_64_TO_32_BIT_CONVERSION = YES;
				GCC_WARN_ABOUT_RETURN_TYPE = YES_ERROR;
				GCC_WARN_UNDECLARED_SELECTOR = YES;
				GCC_WARN_UNINITIALIZED_AUTOS = YES_AGGRESSIVE;
				GCC_WARN_UNUSED_FUNCTION = YES;
				GCC_WARN_UNUSED_VARIABLE = YES;
				IPHONEOS_DEPLOYMENT_TARGET = 16.0;
				MTL_ENABLE_DEBUG_INFO = NO;
				MTL_FAST_MATH = YES;
				SDKROOT = iphoneos;
				SWIFT_COMPILATION_MODE = wholemodule;
				SWIFT_OPTIMIZATION_LEVEL = "-O";
				VALIDATE_PRODUCT = YES;
			};
			name = Release;
		};
		4DBDEC2528D4EFE3002252B3 /* Debug */ = {
			isa = XCBuildConfiguration;
			buildSettings = {
				ASSETCATALOG_COMPILER_APPICON_NAME = AppIcon;
				ASSETCATALOG_COMPILER_GLOBAL_ACCENT_COLOR_NAME = AccentColor;
				CODE_SIGN_STYLE = Automatic;
				CURRENT_PROJECT_VERSION = 1;
				DEVELOPMENT_TEAM = T24N5ZR2DS;
				GENERATE_INFOPLIST_FILE = YES;
				INFOPLIST_FILE = FindDict/Info.plist;
				INFOPLIST_KEY_CFBundleDisplayName = "Find Dict";
				INFOPLIST_KEY_LSApplicationCategoryType = "public.app-category.education";
				INFOPLIST_KEY_NSCameraUsageDescription = "카메라로 사진 찍기";
				INFOPLIST_KEY_NSPhotoLibraryAddUsageDescription = "앨범에서 사진 선택";
				INFOPLIST_KEY_UIApplicationSupportsIndirectInputEvents = YES;
				INFOPLIST_KEY_UILaunchStoryboardName = LaunchScreen;
				INFOPLIST_KEY_UIMainStoryboardFile = Main;
				INFOPLIST_KEY_UISupportedInterfaceOrientations = "UIInterfaceOrientationLandscapeLeft UIInterfaceOrientationLandscapeRight UIInterfaceOrientationPortrait";
				INFOPLIST_KEY_UISupportedInterfaceOrientations_iPad = "UIInterfaceOrientationLandscapeLeft UIInterfaceOrientationLandscapeRight UIInterfaceOrientationPortraitUpsideDown";
				IPHONEOS_DEPLOYMENT_TARGET = 13.0;
				LD_RUNPATH_SEARCH_PATHS = (
					"$(inherited)",
					"@executable_path/Frameworks",
				);
				MARKETING_VERSION = 1.0;
				PRODUCT_BUNDLE_IDENTIFIER = CapstoneDesign2022.FindDict;
				PRODUCT_NAME = "$(TARGET_NAME)";
				SWIFT_EMIT_LOC_STRINGS = YES;
				SWIFT_VERSION = 5.0;
				TARGETED_DEVICE_FAMILY = "1,2";
			};
			name = Debug;
		};
		4DBDEC2628D4EFE3002252B3 /* Release */ = {
			isa = XCBuildConfiguration;
			buildSettings = {
				ASSETCATALOG_COMPILER_APPICON_NAME = AppIcon;
				ASSETCATALOG_COMPILER_GLOBAL_ACCENT_COLOR_NAME = AccentColor;
				CODE_SIGN_STYLE = Automatic;
				CURRENT_PROJECT_VERSION = 1;
				DEVELOPMENT_TEAM = T24N5ZR2DS;
				GENERATE_INFOPLIST_FILE = YES;
				INFOPLIST_FILE = FindDict/Info.plist;
				INFOPLIST_KEY_CFBundleDisplayName = "Find Dict";
				INFOPLIST_KEY_LSApplicationCategoryType = "public.app-category.education";
				INFOPLIST_KEY_NSCameraUsageDescription = "카메라로 사진 찍기";
				INFOPLIST_KEY_NSPhotoLibraryAddUsageDescription = "앨범에서 사진 선택";
				INFOPLIST_KEY_UIApplicationSupportsIndirectInputEvents = YES;
				INFOPLIST_KEY_UILaunchStoryboardName = LaunchScreen;
				INFOPLIST_KEY_UIMainStoryboardFile = Main;
				INFOPLIST_KEY_UISupportedInterfaceOrientations = "UIInterfaceOrientationLandscapeLeft UIInterfaceOrientationLandscapeRight UIInterfaceOrientationPortrait";
				INFOPLIST_KEY_UISupportedInterfaceOrientations_iPad = "UIInterfaceOrientationLandscapeLeft UIInterfaceOrientationLandscapeRight UIInterfaceOrientationPortraitUpsideDown";
				IPHONEOS_DEPLOYMENT_TARGET = 13.0;
				LD_RUNPATH_SEARCH_PATHS = (
					"$(inherited)",
					"@executable_path/Frameworks",
				);
				MARKETING_VERSION = 1.0;
				PRODUCT_BUNDLE_IDENTIFIER = CapstoneDesign2022.FindDict;
				PRODUCT_NAME = "$(TARGET_NAME)";
				SWIFT_EMIT_LOC_STRINGS = YES;
				SWIFT_VERSION = 5.0;
				TARGETED_DEVICE_FAMILY = "1,2";
			};
			name = Release;
		};
/* End XCBuildConfiguration section */

/* Begin XCConfigurationList section */
		4DBDEC0B28D4EFE2002252B3 /* Build configuration list for PBXProject "FindDict" */ = {
			isa = XCConfigurationList;
			buildConfigurations = (
				4DBDEC2228D4EFE3002252B3 /* Debug */,
				4DBDEC2328D4EFE3002252B3 /* Release */,
			);
			defaultConfigurationIsVisible = 0;
			defaultConfigurationName = Release;
		};
		4DBDEC2428D4EFE3002252B3 /* Build configuration list for PBXNativeTarget "FindDict" */ = {
			isa = XCConfigurationList;
			buildConfigurations = (
				4DBDEC2528D4EFE3002252B3 /* Debug */,
				4DBDEC2628D4EFE3002252B3 /* Release */,
			);
			defaultConfigurationIsVisible = 0;
			defaultConfigurationName = Release;
		};
/* End XCConfigurationList section */

/* Begin XCRemoteSwiftPackageReference section */
		4D53A66828DAF9C0000E2AA2 /* XCRemoteSwiftPackageReference "SnapKit" */ = {
			isa = XCRemoteSwiftPackageReference;
			repositoryURL = "https://github.com/SnapKit/SnapKit.git";
			requirement = {
				branch = develop;
				kind = branch;
			};
		};
		4D53A66B28DAF9C8000E2AA2 /* XCRemoteSwiftPackageReference "Then" */ = {
			isa = XCRemoteSwiftPackageReference;
			repositoryURL = "https://github.com/devxoul/Then";
			requirement = {
				branch = master;
				kind = branch;
			};
		};
		4DA65AAF28E86A55002DEFE3 /* XCRemoteSwiftPackageReference "Alamofire" */ = {
			isa = XCRemoteSwiftPackageReference;
			repositoryURL = "https://github.com/Alamofire/Alamofire.git";
			requirement = {
				kind = upToNextMajorVersion;
				minimumVersion = 5.0.0;
			};
		};
/* End XCRemoteSwiftPackageReference section */

/* Begin XCSwiftPackageProductDependency section */
		4D53A66928DAF9C0000E2AA2 /* SnapKit */ = {
			isa = XCSwiftPackageProductDependency;
			package = 4D53A66828DAF9C0000E2AA2 /* XCRemoteSwiftPackageReference "SnapKit" */;
			productName = SnapKit;
		};
		4D53A66C28DAF9C8000E2AA2 /* Then */ = {
			isa = XCSwiftPackageProductDependency;
			package = 4D53A66B28DAF9C8000E2AA2 /* XCRemoteSwiftPackageReference "Then" */;
			productName = Then;
		};
		4DA65AB028E86A55002DEFE3 /* Alamofire */ = {
			isa = XCSwiftPackageProductDependency;
			package = 4DA65AAF28E86A55002DEFE3 /* XCRemoteSwiftPackageReference "Alamofire" */;
			productName = Alamofire;
		};
/* End XCSwiftPackageProductDependency section */
	};
	rootObject = 4DBDEC0828D4EFE2002252B3 /* Project object */;
}
